// !$*UTF8*$!
{
	archiveVersion = 1;
	classes = {
	};
	objectVersion = 56;
	objects = {

/* Begin PBXBuildFile section */
		7827F80B2BDFF310008F6883 /* HomeTabViewController.swift in Sources */ = {isa = PBXBuildFile; fileRef = 7827F80A2BDFF310008F6883 /* HomeTabViewController.swift */; };
		7827F80D2BDFFFF0008F6883 /* HomeTabBuilder.swift in Sources */ = {isa = PBXBuildFile; fileRef = 7827F80C2BDFFFF0008F6883 /* HomeTabBuilder.swift */; };
		7827F80F2BE00000008F6883 /* HomeTabRouter.swift in Sources */ = {isa = PBXBuildFile; fileRef = 7827F80E2BE00000008F6883 /* HomeTabRouter.swift */; };
		7827F8112BE00EFD008F6883 /* HomeTopTabView.swift in Sources */ = {isa = PBXBuildFile; fileRef = 7827F8102BE00EFD008F6883 /* HomeTopTabView.swift */; };
		7827F8132BE021B7008F6883 /* NotoSansKR-Bold.otf in Resources */ = {isa = PBXBuildFile; fileRef = 7827F8122BE021B7008F6883 /* NotoSansKR-Bold.otf */; };
		783656692BB8651A004FFA09 /* AppDelegate.swift in Sources */ = {isa = PBXBuildFile; fileRef = 783656682BB8651A004FFA09 /* AppDelegate.swift */; };
		7836566B2BB8651A004FFA09 /* SceneDelegate.swift in Sources */ = {isa = PBXBuildFile; fileRef = 7836566A2BB8651A004FFA09 /* SceneDelegate.swift */; };
		783656722BB8651D004FFA09 /* Assets.xcassets in Resources */ = {isa = PBXBuildFile; fileRef = 783656712BB8651D004FFA09 /* Assets.xcassets */; };
		783656802BB8651D004FFA09 /* AllecordsTests.swift in Sources */ = {isa = PBXBuildFile; fileRef = 7836567F2BB8651D004FFA09 /* AllecordsTests.swift */; };
		7836568A2BB8651D004FFA09 /* AllecordsUITests.swift in Sources */ = {isa = PBXBuildFile; fileRef = 783656892BB8651D004FFA09 /* AllecordsUITests.swift */; };
		7836568C2BB8651D004FFA09 /* AllecordsUITestsLaunchTests.swift in Sources */ = {isa = PBXBuildFile; fileRef = 7836568B2BB8651D004FFA09 /* AllecordsUITestsLaunchTests.swift */; };
		785262562C05A7FA00425457 /* PhotoAddCollectionViewCell.swift in Sources */ = {isa = PBXBuildFile; fileRef = 785262552C05A7FA00425457 /* PhotoAddCollectionViewCell.swift */; };
		785262582C05BC7C00425457 /* AllecordsConfirmButton.swift in Sources */ = {isa = PBXBuildFile; fileRef = 785262572C05BC7C00425457 /* AllecordsConfirmButton.swift */; };
		7852625A2C05BF3000425457 /* UIButton+Combine.swift in Sources */ = {isa = PBXBuildFile; fileRef = 785262592C05BF3000425457 /* UIButton+Combine.swift */; };
		7852625C2C05BF4F00425457 /* UIControl+Operator.swift in Sources */ = {isa = PBXBuildFile; fileRef = 7852625B2C05BF4F00425457 /* UIControl+Operator.swift */; };
		7852625E2C05C08B00425457 /* UITextField+Combine.swift in Sources */ = {isa = PBXBuildFile; fileRef = 7852625D2C05C08B00425457 /* UITextField+Combine.swift */; };
		785262602C05C0A000425457 /* String+.swift in Sources */ = {isa = PBXBuildFile; fileRef = 7852625F2C05C0A000425457 /* String+.swift */; };
		785262622C05C12E00425457 /* UITextView+Combine.swift in Sources */ = {isa = PBXBuildFile; fileRef = 785262612C05C12E00425457 /* UITextView+Combine.swift */; };
		785262642C05C5A400425457 /* Data+.swift in Sources */ = {isa = PBXBuildFile; fileRef = 785262632C05C5A400425457 /* Data+.swift */; };
		785262662C05ED6300425457 /* ProductRegister.swift in Sources */ = {isa = PBXBuildFile; fileRef = 785262652C05ED6300425457 /* ProductRegister.swift */; };
		785262682C05EF4C00425457 /* ProductUseCase.swift in Sources */ = {isa = PBXBuildFile; fileRef = 785262672C05EF4C00425457 /* ProductUseCase.swift */; };
		7852626A2C05EFC200425457 /* ProductRepository.swift in Sources */ = {isa = PBXBuildFile; fileRef = 785262692C05EFC200425457 /* ProductRepository.swift */; };
		7852626C2C05F0F500425457 /* DefaultProductRepository.swift in Sources */ = {isa = PBXBuildFile; fileRef = 7852626B2C05F0F500425457 /* DefaultProductRepository.swift */; };
		7852626F2C062A1900425457 /* AccessTokenInterceptor.swift in Sources */ = {isa = PBXBuildFile; fileRef = 7852626E2C062A1900425457 /* AccessTokenInterceptor.swift */; };
		785262722C062AC600425457 /* KeyChain.swift in Sources */ = {isa = PBXBuildFile; fileRef = 785262712C062AC600425457 /* KeyChain.swift */; };
		785262742C063EBE00425457 /* AllecordsProductDTO.swift in Sources */ = {isa = PBXBuildFile; fileRef = 785262732C063EBE00425457 /* AllecordsProductDTO.swift */; };
		785262762C06401000425457 /* AllecordsProduct.swift in Sources */ = {isa = PBXBuildFile; fileRef = 785262752C06401000425457 /* AllecordsProduct.swift */; };
		788EB6582BF34EAC00EECCBD /* AllecordsImageCache.swift in Sources */ = {isa = PBXBuildFile; fileRef = 788EB6572BF34EAC00EECCBD /* AllecordsImageCache.swift */; };
		788EB65A2BF351DF00EECCBD /* AllecordsImageService.swift in Sources */ = {isa = PBXBuildFile; fileRef = 788EB6592BF351DF00EECCBD /* AllecordsImageService.swift */; };
		788EB6602BFDD4FF00EECCBD /* AllecordsFloatingButton.swift in Sources */ = {isa = PBXBuildFile; fileRef = 788EB65F2BFDD4FF00EECCBD /* AllecordsFloatingButton.swift */; };
		788EB6672BFE250C00EECCBD /* AddAction.swift in Sources */ = {isa = PBXBuildFile; fileRef = 788EB6622BFE250C00EECCBD /* AddAction.swift */; };
		788EB6682BFE250C00EECCBD /* AddRouter.swift in Sources */ = {isa = PBXBuildFile; fileRef = 788EB6632BFE250C00EECCBD /* AddRouter.swift */; };
		788EB6692BFE250C00EECCBD /* AddViewController.swift in Sources */ = {isa = PBXBuildFile; fileRef = 788EB6642BFE250C00EECCBD /* AddViewController.swift */; };
		788EB66A2BFE250C00EECCBD /* AddBuilder.swift in Sources */ = {isa = PBXBuildFile; fileRef = 788EB6652BFE250C00EECCBD /* AddBuilder.swift */; };
		788EB66B2BFE250C00EECCBD /* AddViewModel.swift in Sources */ = {isa = PBXBuildFile; fileRef = 788EB6662BFE250C00EECCBD /* AddViewModel.swift */; };
		788EB66E2BFE37B800EECCBD /* AllecordsTextField.swift in Sources */ = {isa = PBXBuildFile; fileRef = 788EB66D2BFE37B800EECCBD /* AllecordsTextField.swift */; };
		789C810F2BFE663000760A16 /* UIResponder+.swift in Sources */ = {isa = PBXBuildFile; fileRef = 789C810E2BFE663000760A16 /* UIResponder+.swift */; };
		789C81442C02516300760A16 /* PhotoCollectionViewCell.swift in Sources */ = {isa = PBXBuildFile; fileRef = 789C81432C02516300760A16 /* PhotoCollectionViewCell.swift */; };
		789D6B2E2BCA5CB70088511B /* BetweenProductDTO.swift in Sources */ = {isa = PBXBuildFile; fileRef = 789D6B2B2BCA5CB70088511B /* BetweenProductDTO.swift */; };
		789D6B2F2BCA5CB70088511B /* DefualtHomeRepository.swift in Sources */ = {isa = PBXBuildFile; fileRef = 789D6B2D2BCA5CB70088511B /* DefualtHomeRepository.swift */; };
		789D6B372BCA5CBC0088511B /* HomeRepository.swift in Sources */ = {isa = PBXBuildFile; fileRef = 789D6B322BCA5CBC0088511B /* HomeRepository.swift */; };
		789D6B382BCA5CBC0088511B /* HomeUseCase.swift in Sources */ = {isa = PBXBuildFile; fileRef = 789D6B342BCA5CBC0088511B /* HomeUseCase.swift */; };
		789D6B392BCA5CBC0088511B /* BetweenProduct.swift in Sources */ = {isa = PBXBuildFile; fileRef = 789D6B362BCA5CBC0088511B /* BetweenProduct.swift */; };
		789D6B3B2BCA5D170088511B /* Future+.swift in Sources */ = {isa = PBXBuildFile; fileRef = 789D6B3A2BCA5D170088511B /* Future+.swift */; };
		789D6B3D2BCA5E6D0088511B /* ViewBindable.swift in Sources */ = {isa = PBXBuildFile; fileRef = 789D6B3C2BCA5E6D0088511B /* ViewBindable.swift */; };
		789D6B412BCC2AF80088511B /* NotoSansCJKkr-Regular.otf in Resources */ = {isa = PBXBuildFile; fileRef = 789D6B3F2BCC29450088511B /* NotoSansCJKkr-Regular.otf */; };
		789D6B422BCC2AFB0088511B /* NotoSansCJKkr-Medium.otf in Resources */ = {isa = PBXBuildFile; fileRef = 789D6B402BCC29470088511B /* NotoSansCJKkr-Medium.otf */; };
		789EEA962BB87F2D00B99871 /* BetweenViewController.swift in Sources */ = {isa = PBXBuildFile; fileRef = 789EEA952BB87F2D00B99871 /* BetweenViewController.swift */; };
		789EEA982BB87F4500B99871 /* ChatViewController.swift in Sources */ = {isa = PBXBuildFile; fileRef = 789EEA972BB87F4500B99871 /* ChatViewController.swift */; };
		789EEA9C2BB8802600B99871 /* TabBarViewController.swift in Sources */ = {isa = PBXBuildFile; fileRef = 789EEA9B2BB8802600B99871 /* TabBarViewController.swift */; };
		789EEAA12BB881EE00B99871 /* ViewModelable.swift in Sources */ = {isa = PBXBuildFile; fileRef = 789EEAA02BB881EE00B99871 /* ViewModelable.swift */; };
		789EEAA32BB8827000B99871 /* TabBarpage.swift in Sources */ = {isa = PBXBuildFile; fileRef = 789EEAA22BB8827000B99871 /* TabBarpage.swift */; };
		789EEAA72BB8863700B99871 /* BetweenViewModel.swift in Sources */ = {isa = PBXBuildFile; fileRef = 789EEAA62BB8863700B99871 /* BetweenViewModel.swift */; };
		789EEAAF2BB993F600B99871 /* NavigationController.swift in Sources */ = {isa = PBXBuildFile; fileRef = 789EEAAE2BB993F600B99871 /* NavigationController.swift */; };
		789EEAB12BB9955400B99871 /* Router.swift in Sources */ = {isa = PBXBuildFile; fileRef = 789EEAB02BB9955400B99871 /* Router.swift */; };
		789EEAB32BB9957700B99871 /* DependencyContainer.swift in Sources */ = {isa = PBXBuildFile; fileRef = 789EEAB22BB9957700B99871 /* DependencyContainer.swift */; };
		789EEAB52BB9977B00B99871 /* AppRouter.swift in Sources */ = {isa = PBXBuildFile; fileRef = 789EEAB42BB9977B00B99871 /* AppRouter.swift */; };
		789EEAB72BB99A4000B99871 /* BetweenRouter.swift in Sources */ = {isa = PBXBuildFile; fileRef = 789EEAB62BB99A4000B99871 /* BetweenRouter.swift */; };
		789EEAB92BB99A8100B99871 /* BetweenBuilder.swift in Sources */ = {isa = PBXBuildFile; fileRef = 789EEAB82BB99A8100B99871 /* BetweenBuilder.swift */; };
		789EEABB2BB99CFE00B99871 /* BetweenInput.swift in Sources */ = {isa = PBXBuildFile; fileRef = 789EEABA2BB99CFE00B99871 /* BetweenInput.swift */; };
		789EEABF2BB99F8200B99871 /* Publisher+Operator.swift in Sources */ = {isa = PBXBuildFile; fileRef = 789EEABE2BB99F8200B99871 /* Publisher+Operator.swift */; };
		789EEAC22BB9A47D00B99871 /* libAllecordsNetwork.a in Frameworks */ = {isa = PBXBuildFile; fileRef = 789EEAC12BB9A47D00B99871 /* libAllecordsNetwork.a */; };
		789EEAC42BB9A92600B99871 /* TabBarBuilder.swift in Sources */ = {isa = PBXBuildFile; fileRef = 789EEAC32BB9A92600B99871 /* TabBarBuilder.swift */; };
		789EEAE02BB9CAF400B99871 /* .swiftlint.yml in Resources */ = {isa = PBXBuildFile; fileRef = 789EEADF2BB9CAF400B99871 /* .swiftlint.yml */; };
		789EEAE42BC0088900B99871 /* AllecordsNavigationItem.swift in Sources */ = {isa = PBXBuildFile; fileRef = 789EEAE32BC0088900B99871 /* AllecordsNavigationItem.swift */; };
		789EEAE72BC00A7F00B99871 /* UIImage+Resize.swift in Sources */ = {isa = PBXBuildFile; fileRef = 789EEAE62BC00A7F00B99871 /* UIImage+Resize.swift */; };
		789EEAE92BC00A9700B99871 /* UIFont+.swift in Sources */ = {isa = PBXBuildFile; fileRef = 789EEAE82BC00A9700B99871 /* UIFont+.swift */; };
		789EEAEB2BC00B2400B99871 /* AllecordsNavigationBar.swift in Sources */ = {isa = PBXBuildFile; fileRef = 789EEAEA2BC00B2400B99871 /* AllecordsNavigationBar.swift */; };
		789EEAED2BC00B8B00B99871 /* UIDevice+SafeAreaHeight.swift in Sources */ = {isa = PBXBuildFile; fileRef = 789EEAEC2BC00B8B00B99871 /* UIDevice+SafeAreaHeight.swift */; };
		78BAFC562BF33F3B008F900D /* AllecordsImageLoader.swift in Sources */ = {isa = PBXBuildFile; fileRef = 78BAFC552BF33F3B008F900D /* AllecordsImageLoader.swift */; };
		78BAFC5B2BF34053008F900D /* AllecordsImageLoadable.swift in Sources */ = {isa = PBXBuildFile; fileRef = 78BAFC5A2BF34053008F900D /* AllecordsImageLoadable.swift */; };
		78BAFC5F2BF343FB008F900D /* AllecordsImageLoaderError.swift in Sources */ = {isa = PBXBuildFile; fileRef = 78BAFC5E2BF343FB008F900D /* AllecordsImageLoaderError.swift */; };
		78BAFC612BF34934008F900D /* UIImageView+.swift in Sources */ = {isa = PBXBuildFile; fileRef = 78BAFC602BF34934008F900D /* UIImageView+.swift */; };
		85078D6F2BD40E4A00068060 /* ProductDetailInput.swift in Sources */ = {isa = PBXBuildFile; fileRef = 85078D6A2BD40E4A00068060 /* ProductDetailInput.swift */; };
		85078D702BD40E4A00068060 /* ProductDetailRouter.swift in Sources */ = {isa = PBXBuildFile; fileRef = 85078D6B2BD40E4A00068060 /* ProductDetailRouter.swift */; };
		85078D712BD40E4A00068060 /* ProductDetailViewController.swift in Sources */ = {isa = PBXBuildFile; fileRef = 85078D6C2BD40E4A00068060 /* ProductDetailViewController.swift */; };
		85078D722BD40E4A00068060 /* ProductDetailBuilder.swift in Sources */ = {isa = PBXBuildFile; fileRef = 85078D6D2BD40E4A00068060 /* ProductDetailBuilder.swift */; };
		85078D732BD40E4A00068060 /* ProductDetailViewModel.swift in Sources */ = {isa = PBXBuildFile; fileRef = 85078D6E2BD40E4A00068060 /* ProductDetailViewModel.swift */; };
		85078D7A2BEA540800068060 /* AllecordsInput.swift in Sources */ = {isa = PBXBuildFile; fileRef = 85078D752BEA540800068060 /* AllecordsInput.swift */; };
		85078D7B2BEA540800068060 /* AllecordsRouter.swift in Sources */ = {isa = PBXBuildFile; fileRef = 85078D762BEA540800068060 /* AllecordsRouter.swift */; };
		85078D7C2BEA540800068060 /* AllecordsViewController.swift in Sources */ = {isa = PBXBuildFile; fileRef = 85078D772BEA540800068060 /* AllecordsViewController.swift */; };
		85078D7D2BEA540800068060 /* AllecordsBuilder.swift in Sources */ = {isa = PBXBuildFile; fileRef = 85078D782BEA540800068060 /* AllecordsBuilder.swift */; };
		85078D7E2BEA540800068060 /* AllecordsViewModel.swift in Sources */ = {isa = PBXBuildFile; fileRef = 85078D792BEA540800068060 /* AllecordsViewModel.swift */; };
		85078D912BED27F100068060 /* ProductWebRouter.swift in Sources */ = {isa = PBXBuildFile; fileRef = 85078D8C2BED27F100068060 /* ProductWebRouter.swift */; };
		85078D922BED27F100068060 /* ProductWebViewController.swift in Sources */ = {isa = PBXBuildFile; fileRef = 85078D8D2BED27F100068060 /* ProductWebViewController.swift */; };
		85078DE42C1DF3A100068060 /* MyPageTabInput.swift in Sources */ = {isa = PBXBuildFile; fileRef = 85078DDF2C1DF3A100068060 /* MyPageTabInput.swift */; };
		85078DE52C1DF3A100068060 /* MyPageTabRouter.swift in Sources */ = {isa = PBXBuildFile; fileRef = 85078DE02C1DF3A100068060 /* MyPageTabRouter.swift */; };
		85078DE62C1DF3A100068060 /* MyPageTabViewController.swift in Sources */ = {isa = PBXBuildFile; fileRef = 85078DE12C1DF3A100068060 /* MyPageTabViewController.swift */; };
		85078DE72C1DF3A100068060 /* MyPageTabBuilder.swift in Sources */ = {isa = PBXBuildFile; fileRef = 85078DE22C1DF3A100068060 /* MyPageTabBuilder.swift */; };
		85078DE82C1DF3A100068060 /* MyPageTabViewModel.swift in Sources */ = {isa = PBXBuildFile; fileRef = 85078DE32C1DF3A100068060 /* MyPageTabViewModel.swift */; };
		85078DEB2C1DF3D900068060 /* MyPageTopTabView.swift in Sources */ = {isa = PBXBuildFile; fileRef = 85078DEA2C1DF3D900068060 /* MyPageTopTabView.swift */; };
		85078DF42C1DF47400068060 /* TermsOfServiceRouter.swift in Sources */ = {isa = PBXBuildFile; fileRef = 85078DEF2C1DF47400068060 /* TermsOfServiceRouter.swift */; };
		85078DF52C1DF47400068060 /* TermsOfServiceViewController.swift in Sources */ = {isa = PBXBuildFile; fileRef = 85078DF02C1DF47400068060 /* TermsOfServiceViewController.swift */; };
		85078DF62C1DF47400068060 /* TermsOfServiceBuilder.swift in Sources */ = {isa = PBXBuildFile; fileRef = 85078DF12C1DF47400068060 /* TermsOfServiceBuilder.swift */; };
		85078DF92C1DF4B300068060 /* TermsOfServiceText.rtf in Resources */ = {isa = PBXBuildFile; fileRef = 85078DF82C1DF4B300068060 /* TermsOfServiceText.rtf */; };
		85078E002C1DF4CD00068060 /* LicenseRouter.swift in Sources */ = {isa = PBXBuildFile; fileRef = 85078DFB2C1DF4CD00068060 /* LicenseRouter.swift */; };
		85078E012C1DF4CD00068060 /* LicenseViewController.swift in Sources */ = {isa = PBXBuildFile; fileRef = 85078DFC2C1DF4CD00068060 /* LicenseViewController.swift */; };
		85078E022C1DF4CD00068060 /* LicenseBuilder.swift in Sources */ = {isa = PBXBuildFile; fileRef = 85078DFD2C1DF4CD00068060 /* LicenseBuilder.swift */; };
		85078E052C1DF50000068060 /* LicenseText.rtf in Resources */ = {isa = PBXBuildFile; fileRef = 85078E042C1DF50000068060 /* LicenseText.rtf */; };
		85078E072C1DF58100068060 /* MyPageUseCase.swift in Sources */ = {isa = PBXBuildFile; fileRef = 85078E062C1DF58100068060 /* MyPageUseCase.swift */; };
		85078E092C1DF5A400068060 /* MyPageRepository.swift in Sources */ = {isa = PBXBuildFile; fileRef = 85078E082C1DF5A400068060 /* MyPageRepository.swift */; };
		8570F5AF2BBFE472009D1772 /* ProductCell.swift in Sources */ = {isa = PBXBuildFile; fileRef = 8570F5AE2BBFE472009D1772 /* ProductCell.swift */; };
/* End PBXBuildFile section */

/* Begin PBXContainerItemProxy section */
		7836567C2BB8651D004FFA09 /* PBXContainerItemProxy */ = {
			isa = PBXContainerItemProxy;
			containerPortal = 7836565D2BB8651A004FFA09 /* Project object */;
			proxyType = 1;
			remoteGlobalIDString = 783656642BB8651A004FFA09;
			remoteInfo = Allecords;
		};
		783656862BB8651D004FFA09 /* PBXContainerItemProxy */ = {
			isa = PBXContainerItemProxy;
			containerPortal = 7836565D2BB8651A004FFA09 /* Project object */;
			proxyType = 1;
			remoteGlobalIDString = 783656642BB8651A004FFA09;
			remoteInfo = Allecords;
		};
/* End PBXContainerItemProxy section */

/* Begin PBXFileReference section */
		7827F80A2BDFF310008F6883 /* HomeTabViewController.swift */ = {isa = PBXFileReference; lastKnownFileType = sourcecode.swift; path = HomeTabViewController.swift; sourceTree = "<group>"; };
		7827F80C2BDFFFF0008F6883 /* HomeTabBuilder.swift */ = {isa = PBXFileReference; lastKnownFileType = sourcecode.swift; path = HomeTabBuilder.swift; sourceTree = "<group>"; };
		7827F80E2BE00000008F6883 /* HomeTabRouter.swift */ = {isa = PBXFileReference; lastKnownFileType = sourcecode.swift; path = HomeTabRouter.swift; sourceTree = "<group>"; };
		7827F8102BE00EFD008F6883 /* HomeTopTabView.swift */ = {isa = PBXFileReference; lastKnownFileType = sourcecode.swift; path = HomeTopTabView.swift; sourceTree = "<group>"; };
		7827F8122BE021B7008F6883 /* NotoSansKR-Bold.otf */ = {isa = PBXFileReference; lastKnownFileType = file; path = "NotoSansKR-Bold.otf"; sourceTree = "<group>"; };
		783656652BB8651A004FFA09 /* Allecords.app */ = {isa = PBXFileReference; explicitFileType = wrapper.application; includeInIndex = 0; path = Allecords.app; sourceTree = BUILT_PRODUCTS_DIR; };
		783656682BB8651A004FFA09 /* AppDelegate.swift */ = {isa = PBXFileReference; lastKnownFileType = sourcecode.swift; path = AppDelegate.swift; sourceTree = "<group>"; };
		7836566A2BB8651A004FFA09 /* SceneDelegate.swift */ = {isa = PBXFileReference; lastKnownFileType = sourcecode.swift; path = SceneDelegate.swift; sourceTree = "<group>"; };
		783656712BB8651D004FFA09 /* Assets.xcassets */ = {isa = PBXFileReference; lastKnownFileType = folder.assetcatalog; path = Assets.xcassets; sourceTree = "<group>"; };
		783656762BB8651D004FFA09 /* Info.plist */ = {isa = PBXFileReference; lastKnownFileType = text.plist.xml; path = Info.plist; sourceTree = "<group>"; };
		7836567B2BB8651D004FFA09 /* AllecordsTests.xctest */ = {isa = PBXFileReference; explicitFileType = wrapper.cfbundle; includeInIndex = 0; path = AllecordsTests.xctest; sourceTree = BUILT_PRODUCTS_DIR; };
		7836567F2BB8651D004FFA09 /* AllecordsTests.swift */ = {isa = PBXFileReference; lastKnownFileType = sourcecode.swift; path = AllecordsTests.swift; sourceTree = "<group>"; };
		783656852BB8651D004FFA09 /* AllecordsUITests.xctest */ = {isa = PBXFileReference; explicitFileType = wrapper.cfbundle; includeInIndex = 0; path = AllecordsUITests.xctest; sourceTree = BUILT_PRODUCTS_DIR; };
		783656892BB8651D004FFA09 /* AllecordsUITests.swift */ = {isa = PBXFileReference; lastKnownFileType = sourcecode.swift; path = AllecordsUITests.swift; sourceTree = "<group>"; };
		7836568B2BB8651D004FFA09 /* AllecordsUITestsLaunchTests.swift */ = {isa = PBXFileReference; lastKnownFileType = sourcecode.swift; path = AllecordsUITestsLaunchTests.swift; sourceTree = "<group>"; };
		785262552C05A7FA00425457 /* PhotoAddCollectionViewCell.swift */ = {isa = PBXFileReference; lastKnownFileType = sourcecode.swift; path = PhotoAddCollectionViewCell.swift; sourceTree = "<group>"; };
		785262572C05BC7C00425457 /* AllecordsConfirmButton.swift */ = {isa = PBXFileReference; lastKnownFileType = sourcecode.swift; path = AllecordsConfirmButton.swift; sourceTree = "<group>"; };
		785262592C05BF3000425457 /* UIButton+Combine.swift */ = {isa = PBXFileReference; lastKnownFileType = sourcecode.swift; path = "UIButton+Combine.swift"; sourceTree = "<group>"; };
		7852625B2C05BF4F00425457 /* UIControl+Operator.swift */ = {isa = PBXFileReference; lastKnownFileType = sourcecode.swift; path = "UIControl+Operator.swift"; sourceTree = "<group>"; };
		7852625D2C05C08B00425457 /* UITextField+Combine.swift */ = {isa = PBXFileReference; lastKnownFileType = sourcecode.swift; path = "UITextField+Combine.swift"; sourceTree = "<group>"; };
		7852625F2C05C0A000425457 /* String+.swift */ = {isa = PBXFileReference; lastKnownFileType = sourcecode.swift; path = "String+.swift"; sourceTree = "<group>"; };
		785262612C05C12E00425457 /* UITextView+Combine.swift */ = {isa = PBXFileReference; lastKnownFileType = sourcecode.swift; path = "UITextView+Combine.swift"; sourceTree = "<group>"; };
		785262632C05C5A400425457 /* Data+.swift */ = {isa = PBXFileReference; lastKnownFileType = sourcecode.swift; path = "Data+.swift"; sourceTree = "<group>"; };
		785262652C05ED6300425457 /* ProductRegister.swift */ = {isa = PBXFileReference; lastKnownFileType = sourcecode.swift; path = ProductRegister.swift; sourceTree = "<group>"; };
		785262672C05EF4C00425457 /* ProductUseCase.swift */ = {isa = PBXFileReference; lastKnownFileType = sourcecode.swift; path = ProductUseCase.swift; sourceTree = "<group>"; };
		785262692C05EFC200425457 /* ProductRepository.swift */ = {isa = PBXFileReference; lastKnownFileType = sourcecode.swift; path = ProductRepository.swift; sourceTree = "<group>"; };
		7852626B2C05F0F500425457 /* DefaultProductRepository.swift */ = {isa = PBXFileReference; lastKnownFileType = sourcecode.swift; path = DefaultProductRepository.swift; sourceTree = "<group>"; };
		7852626E2C062A1900425457 /* AccessTokenInterceptor.swift */ = {isa = PBXFileReference; lastKnownFileType = sourcecode.swift; path = AccessTokenInterceptor.swift; sourceTree = "<group>"; };
		785262712C062AC600425457 /* KeyChain.swift */ = {isa = PBXFileReference; lastKnownFileType = sourcecode.swift; path = KeyChain.swift; sourceTree = "<group>"; };
		785262732C063EBE00425457 /* AllecordsProductDTO.swift */ = {isa = PBXFileReference; lastKnownFileType = sourcecode.swift; path = AllecordsProductDTO.swift; sourceTree = "<group>"; };
		785262752C06401000425457 /* AllecordsProduct.swift */ = {isa = PBXFileReference; lastKnownFileType = sourcecode.swift; path = AllecordsProduct.swift; sourceTree = "<group>"; };
		788EB6572BF34EAC00EECCBD /* AllecordsImageCache.swift */ = {isa = PBXFileReference; lastKnownFileType = sourcecode.swift; path = AllecordsImageCache.swift; sourceTree = "<group>"; };
		788EB6592BF351DF00EECCBD /* AllecordsImageService.swift */ = {isa = PBXFileReference; lastKnownFileType = sourcecode.swift; path = AllecordsImageService.swift; sourceTree = "<group>"; };
		788EB65F2BFDD4FF00EECCBD /* AllecordsFloatingButton.swift */ = {isa = PBXFileReference; lastKnownFileType = sourcecode.swift; path = AllecordsFloatingButton.swift; sourceTree = "<group>"; };
		788EB6622BFE250C00EECCBD /* AddAction.swift */ = {isa = PBXFileReference; lastKnownFileType = sourcecode.swift; path = AddAction.swift; sourceTree = "<group>"; };
		788EB6632BFE250C00EECCBD /* AddRouter.swift */ = {isa = PBXFileReference; lastKnownFileType = sourcecode.swift; path = AddRouter.swift; sourceTree = "<group>"; };
		788EB6642BFE250C00EECCBD /* AddViewController.swift */ = {isa = PBXFileReference; lastKnownFileType = sourcecode.swift; path = AddViewController.swift; sourceTree = "<group>"; };
		788EB6652BFE250C00EECCBD /* AddBuilder.swift */ = {isa = PBXFileReference; lastKnownFileType = sourcecode.swift; path = AddBuilder.swift; sourceTree = "<group>"; };
		788EB6662BFE250C00EECCBD /* AddViewModel.swift */ = {isa = PBXFileReference; lastKnownFileType = sourcecode.swift; path = AddViewModel.swift; sourceTree = "<group>"; };
		788EB66D2BFE37B800EECCBD /* AllecordsTextField.swift */ = {isa = PBXFileReference; lastKnownFileType = sourcecode.swift; path = AllecordsTextField.swift; sourceTree = "<group>"; };
		789C810E2BFE663000760A16 /* UIResponder+.swift */ = {isa = PBXFileReference; lastKnownFileType = sourcecode.swift; path = "UIResponder+.swift"; sourceTree = "<group>"; };
		789C81432C02516300760A16 /* PhotoCollectionViewCell.swift */ = {isa = PBXFileReference; lastKnownFileType = sourcecode.swift; path = PhotoCollectionViewCell.swift; sourceTree = "<group>"; };
		789D6B2B2BCA5CB70088511B /* BetweenProductDTO.swift */ = {isa = PBXFileReference; fileEncoding = 4; lastKnownFileType = sourcecode.swift; path = BetweenProductDTO.swift; sourceTree = "<group>"; };
		789D6B2D2BCA5CB70088511B /* DefualtHomeRepository.swift */ = {isa = PBXFileReference; fileEncoding = 4; lastKnownFileType = sourcecode.swift; path = DefualtHomeRepository.swift; sourceTree = "<group>"; };
		789D6B322BCA5CBC0088511B /* HomeRepository.swift */ = {isa = PBXFileReference; fileEncoding = 4; lastKnownFileType = sourcecode.swift; path = HomeRepository.swift; sourceTree = "<group>"; };
		789D6B342BCA5CBC0088511B /* HomeUseCase.swift */ = {isa = PBXFileReference; fileEncoding = 4; lastKnownFileType = sourcecode.swift; path = HomeUseCase.swift; sourceTree = "<group>"; };
		789D6B362BCA5CBC0088511B /* BetweenProduct.swift */ = {isa = PBXFileReference; fileEncoding = 4; lastKnownFileType = sourcecode.swift; path = BetweenProduct.swift; sourceTree = "<group>"; };
		789D6B3A2BCA5D170088511B /* Future+.swift */ = {isa = PBXFileReference; lastKnownFileType = sourcecode.swift; path = "Future+.swift"; sourceTree = "<group>"; };
		789D6B3C2BCA5E6D0088511B /* ViewBindable.swift */ = {isa = PBXFileReference; lastKnownFileType = sourcecode.swift; path = ViewBindable.swift; sourceTree = "<group>"; };
		789D6B3F2BCC29450088511B /* NotoSansCJKkr-Regular.otf */ = {isa = PBXFileReference; lastKnownFileType = file; path = "NotoSansCJKkr-Regular.otf"; sourceTree = "<group>"; };
		789D6B402BCC29470088511B /* NotoSansCJKkr-Medium.otf */ = {isa = PBXFileReference; lastKnownFileType = file; path = "NotoSansCJKkr-Medium.otf"; sourceTree = "<group>"; };
		789EEA952BB87F2D00B99871 /* BetweenViewController.swift */ = {isa = PBXFileReference; lastKnownFileType = sourcecode.swift; path = BetweenViewController.swift; sourceTree = "<group>"; };
		789EEA972BB87F4500B99871 /* ChatViewController.swift */ = {isa = PBXFileReference; lastKnownFileType = sourcecode.swift; path = ChatViewController.swift; sourceTree = "<group>"; };
		789EEA9B2BB8802600B99871 /* TabBarViewController.swift */ = {isa = PBXFileReference; lastKnownFileType = sourcecode.swift; path = TabBarViewController.swift; sourceTree = "<group>"; };
		789EEAA02BB881EE00B99871 /* ViewModelable.swift */ = {isa = PBXFileReference; lastKnownFileType = sourcecode.swift; path = ViewModelable.swift; sourceTree = "<group>"; };
		789EEAA22BB8827000B99871 /* TabBarpage.swift */ = {isa = PBXFileReference; lastKnownFileType = sourcecode.swift; path = TabBarpage.swift; sourceTree = "<group>"; };
		789EEAA62BB8863700B99871 /* BetweenViewModel.swift */ = {isa = PBXFileReference; lastKnownFileType = sourcecode.swift; path = BetweenViewModel.swift; sourceTree = "<group>"; };
		789EEAAE2BB993F600B99871 /* NavigationController.swift */ = {isa = PBXFileReference; lastKnownFileType = sourcecode.swift; path = NavigationController.swift; sourceTree = "<group>"; };
		789EEAB02BB9955400B99871 /* Router.swift */ = {isa = PBXFileReference; lastKnownFileType = sourcecode.swift; path = Router.swift; sourceTree = "<group>"; };
		789EEAB22BB9957700B99871 /* DependencyContainer.swift */ = {isa = PBXFileReference; lastKnownFileType = sourcecode.swift; path = DependencyContainer.swift; sourceTree = "<group>"; };
		789EEAB42BB9977B00B99871 /* AppRouter.swift */ = {isa = PBXFileReference; lastKnownFileType = sourcecode.swift; path = AppRouter.swift; sourceTree = "<group>"; };
		789EEAB62BB99A4000B99871 /* BetweenRouter.swift */ = {isa = PBXFileReference; lastKnownFileType = sourcecode.swift; path = BetweenRouter.swift; sourceTree = "<group>"; };
		789EEAB82BB99A8100B99871 /* BetweenBuilder.swift */ = {isa = PBXFileReference; lastKnownFileType = sourcecode.swift; path = BetweenBuilder.swift; sourceTree = "<group>"; };
		789EEABA2BB99CFE00B99871 /* BetweenInput.swift */ = {isa = PBXFileReference; lastKnownFileType = sourcecode.swift; path = BetweenInput.swift; sourceTree = "<group>"; };
		789EEABE2BB99F8200B99871 /* Publisher+Operator.swift */ = {isa = PBXFileReference; lastKnownFileType = sourcecode.swift; path = "Publisher+Operator.swift"; sourceTree = "<group>"; };
		789EEAC12BB9A47D00B99871 /* libAllecordsNetwork.a */ = {isa = PBXFileReference; explicitFileType = archive.ar; path = libAllecordsNetwork.a; sourceTree = BUILT_PRODUCTS_DIR; };
		789EEAC32BB9A92600B99871 /* TabBarBuilder.swift */ = {isa = PBXFileReference; lastKnownFileType = sourcecode.swift; path = TabBarBuilder.swift; sourceTree = "<group>"; };
		789EEADF2BB9CAF400B99871 /* .swiftlint.yml */ = {isa = PBXFileReference; lastKnownFileType = text.yaml; path = .swiftlint.yml; sourceTree = "<group>"; };
		789EEAE32BC0088900B99871 /* AllecordsNavigationItem.swift */ = {isa = PBXFileReference; lastKnownFileType = sourcecode.swift; path = AllecordsNavigationItem.swift; sourceTree = "<group>"; };
		789EEAE62BC00A7F00B99871 /* UIImage+Resize.swift */ = {isa = PBXFileReference; lastKnownFileType = sourcecode.swift; path = "UIImage+Resize.swift"; sourceTree = "<group>"; };
		789EEAE82BC00A9700B99871 /* UIFont+.swift */ = {isa = PBXFileReference; lastKnownFileType = sourcecode.swift; path = "UIFont+.swift"; sourceTree = "<group>"; };
		789EEAEA2BC00B2400B99871 /* AllecordsNavigationBar.swift */ = {isa = PBXFileReference; lastKnownFileType = sourcecode.swift; path = AllecordsNavigationBar.swift; sourceTree = "<group>"; };
		789EEAEC2BC00B8B00B99871 /* UIDevice+SafeAreaHeight.swift */ = {isa = PBXFileReference; lastKnownFileType = sourcecode.swift; path = "UIDevice+SafeAreaHeight.swift"; sourceTree = "<group>"; };
		78BAFC552BF33F3B008F900D /* AllecordsImageLoader.swift */ = {isa = PBXFileReference; lastKnownFileType = sourcecode.swift; path = AllecordsImageLoader.swift; sourceTree = "<group>"; };
		78BAFC5A2BF34053008F900D /* AllecordsImageLoadable.swift */ = {isa = PBXFileReference; lastKnownFileType = sourcecode.swift; path = AllecordsImageLoadable.swift; sourceTree = "<group>"; };
		78BAFC5E2BF343FB008F900D /* AllecordsImageLoaderError.swift */ = {isa = PBXFileReference; lastKnownFileType = sourcecode.swift; path = AllecordsImageLoaderError.swift; sourceTree = "<group>"; };
		78BAFC602BF34934008F900D /* UIImageView+.swift */ = {isa = PBXFileReference; lastKnownFileType = sourcecode.swift; path = "UIImageView+.swift"; sourceTree = "<group>"; };
		85078D6A2BD40E4A00068060 /* ProductDetailInput.swift */ = {isa = PBXFileReference; lastKnownFileType = sourcecode.swift; path = ProductDetailInput.swift; sourceTree = "<group>"; };
		85078D6B2BD40E4A00068060 /* ProductDetailRouter.swift */ = {isa = PBXFileReference; lastKnownFileType = sourcecode.swift; path = ProductDetailRouter.swift; sourceTree = "<group>"; };
		85078D6C2BD40E4A00068060 /* ProductDetailViewController.swift */ = {isa = PBXFileReference; lastKnownFileType = sourcecode.swift; path = ProductDetailViewController.swift; sourceTree = "<group>"; };
		85078D6D2BD40E4A00068060 /* ProductDetailBuilder.swift */ = {isa = PBXFileReference; lastKnownFileType = sourcecode.swift; path = ProductDetailBuilder.swift; sourceTree = "<group>"; };
		85078D6E2BD40E4A00068060 /* ProductDetailViewModel.swift */ = {isa = PBXFileReference; lastKnownFileType = sourcecode.swift; path = ProductDetailViewModel.swift; sourceTree = "<group>"; };
		85078D752BEA540800068060 /* AllecordsInput.swift */ = {isa = PBXFileReference; lastKnownFileType = sourcecode.swift; name = AllecordsInput.swift; path = Allecords/App/Resources/Font/AllecordsInput.swift; sourceTree = SOURCE_ROOT; };
		85078D762BEA540800068060 /* AllecordsRouter.swift */ = {isa = PBXFileReference; lastKnownFileType = sourcecode.swift; name = AllecordsRouter.swift; path = Allecords/App/Resources/Font/AllecordsRouter.swift; sourceTree = SOURCE_ROOT; };
		85078D772BEA540800068060 /* AllecordsViewController.swift */ = {isa = PBXFileReference; lastKnownFileType = sourcecode.swift; name = AllecordsViewController.swift; path = Allecords/App/Resources/Font/AllecordsViewController.swift; sourceTree = SOURCE_ROOT; };
		85078D782BEA540800068060 /* AllecordsBuilder.swift */ = {isa = PBXFileReference; lastKnownFileType = sourcecode.swift; name = AllecordsBuilder.swift; path = Allecords/App/Resources/Font/AllecordsBuilder.swift; sourceTree = SOURCE_ROOT; };
		85078D792BEA540800068060 /* AllecordsViewModel.swift */ = {isa = PBXFileReference; lastKnownFileType = sourcecode.swift; name = AllecordsViewModel.swift; path = Allecords/App/Resources/Font/AllecordsViewModel.swift; sourceTree = SOURCE_ROOT; };
		85078D8C2BED27F100068060 /* ProductWebRouter.swift */ = {isa = PBXFileReference; lastKnownFileType = sourcecode.swift; path = ProductWebRouter.swift; sourceTree = "<group>"; };
		85078D8D2BED27F100068060 /* ProductWebViewController.swift */ = {isa = PBXFileReference; lastKnownFileType = sourcecode.swift; path = ProductWebViewController.swift; sourceTree = "<group>"; };
		85078DDF2C1DF3A100068060 /* MyPageTabInput.swift */ = {isa = PBXFileReference; lastKnownFileType = sourcecode.swift; path = MyPageTabInput.swift; sourceTree = "<group>"; };
		85078DE02C1DF3A100068060 /* MyPageTabRouter.swift */ = {isa = PBXFileReference; lastKnownFileType = sourcecode.swift; path = MyPageTabRouter.swift; sourceTree = "<group>"; };
		85078DE12C1DF3A100068060 /* MyPageTabViewController.swift */ = {isa = PBXFileReference; lastKnownFileType = sourcecode.swift; path = MyPageTabViewController.swift; sourceTree = "<group>"; };
		85078DE22C1DF3A100068060 /* MyPageTabBuilder.swift */ = {isa = PBXFileReference; lastKnownFileType = sourcecode.swift; path = MyPageTabBuilder.swift; sourceTree = "<group>"; };
		85078DE32C1DF3A100068060 /* MyPageTabViewModel.swift */ = {isa = PBXFileReference; lastKnownFileType = sourcecode.swift; path = MyPageTabViewModel.swift; sourceTree = "<group>"; };
		85078DEA2C1DF3D900068060 /* MyPageTopTabView.swift */ = {isa = PBXFileReference; lastKnownFileType = sourcecode.swift; path = MyPageTopTabView.swift; sourceTree = "<group>"; };
		85078DEF2C1DF47400068060 /* TermsOfServiceRouter.swift */ = {isa = PBXFileReference; lastKnownFileType = sourcecode.swift; path = TermsOfServiceRouter.swift; sourceTree = "<group>"; };
		85078DF02C1DF47400068060 /* TermsOfServiceViewController.swift */ = {isa = PBXFileReference; lastKnownFileType = sourcecode.swift; path = TermsOfServiceViewController.swift; sourceTree = "<group>"; };
		85078DF12C1DF47400068060 /* TermsOfServiceBuilder.swift */ = {isa = PBXFileReference; lastKnownFileType = sourcecode.swift; path = TermsOfServiceBuilder.swift; sourceTree = "<group>"; };
		85078DF82C1DF4B300068060 /* TermsOfServiceText.rtf */ = {isa = PBXFileReference; lastKnownFileType = text.rtf; path = TermsOfServiceText.rtf; sourceTree = "<group>"; };
		85078DFB2C1DF4CD00068060 /* LicenseRouter.swift */ = {isa = PBXFileReference; lastKnownFileType = sourcecode.swift; path = LicenseRouter.swift; sourceTree = "<group>"; };
		85078DFC2C1DF4CD00068060 /* LicenseViewController.swift */ = {isa = PBXFileReference; lastKnownFileType = sourcecode.swift; path = LicenseViewController.swift; sourceTree = "<group>"; };
		85078DFD2C1DF4CD00068060 /* LicenseBuilder.swift */ = {isa = PBXFileReference; lastKnownFileType = sourcecode.swift; path = LicenseBuilder.swift; sourceTree = "<group>"; };
		85078E042C1DF50000068060 /* LicenseText.rtf */ = {isa = PBXFileReference; lastKnownFileType = text.rtf; path = LicenseText.rtf; sourceTree = "<group>"; };
		85078E062C1DF58100068060 /* MyPageUseCase.swift */ = {isa = PBXFileReference; lastKnownFileType = sourcecode.swift; path = MyPageUseCase.swift; sourceTree = "<group>"; };
		85078E082C1DF5A400068060 /* MyPageRepository.swift */ = {isa = PBXFileReference; lastKnownFileType = sourcecode.swift; path = MyPageRepository.swift; sourceTree = "<group>"; };
		8570F5AE2BBFE472009D1772 /* ProductCell.swift */ = {isa = PBXFileReference; lastKnownFileType = sourcecode.swift; path = ProductCell.swift; sourceTree = "<group>"; };
/* End PBXFileReference section */

/* Begin PBXFrameworksBuildPhase section */
		783656622BB8651A004FFA09 /* Frameworks */ = {
			isa = PBXFrameworksBuildPhase;
			buildActionMask = 2147483647;
			files = (
				789EEAC22BB9A47D00B99871 /* libAllecordsNetwork.a in Frameworks */,
			);
			runOnlyForDeploymentPostprocessing = 0;
		};
		783656782BB8651D004FFA09 /* Frameworks */ = {
			isa = PBXFrameworksBuildPhase;
			buildActionMask = 2147483647;
			files = (
			);
			runOnlyForDeploymentPostprocessing = 0;
		};
		783656822BB8651D004FFA09 /* Frameworks */ = {
			isa = PBXFrameworksBuildPhase;
			buildActionMask = 2147483647;
			files = (
			);
			runOnlyForDeploymentPostprocessing = 0;
		};
/* End PBXFrameworksBuildPhase section */

/* Begin PBXGroup section */
		7827F8082BDFED51008F6883 /* BetweenScene */ = {
			isa = PBXGroup;
			children = (
				789EEA952BB87F2D00B99871 /* BetweenViewController.swift */,
				789EEAA62BB8863700B99871 /* BetweenViewModel.swift */,
				789EEABA2BB99CFE00B99871 /* BetweenInput.swift */,
				789EEAB62BB99A4000B99871 /* BetweenRouter.swift */,
				789EEAB82BB99A8100B99871 /* BetweenBuilder.swift */,
				85078D802BECF9E200068060 /* ProductWebViewScene */,
				789EEAF02BC93A6E00B99871 /* View */,
			);
			path = BetweenScene;
			sourceTree = "<group>";
		};
		7827F8092BDFF2B8008F6883 /* AllecordsScene */ = {
			isa = PBXGroup;
			children = (
				788EB6612BFE243800EECCBD /* AddScene */,
				788EB65E2BFDD4D000EECCBD /* FloatingButton */,
				85078D772BEA540800068060 /* AllecordsViewController.swift */,
				85078D792BEA540800068060 /* AllecordsViewModel.swift */,
				85078D752BEA540800068060 /* AllecordsInput.swift */,
				85078D762BEA540800068060 /* AllecordsRouter.swift */,
				85078D782BEA540800068060 /* AllecordsBuilder.swift */,
				85078D692BD40DB000068060 /* ProductDetailScene */,
			);
			path = AllecordsScene;
			sourceTree = "<group>";
		};
		7836565C2BB8651A004FFA09 = {
			isa = PBXGroup;
			children = (
				789EEADF2BB9CAF400B99871 /* .swiftlint.yml */,
				783656672BB8651A004FFA09 /* Allecords */,
				7836567E2BB8651D004FFA09 /* AllecordsTests */,
				783656882BB8651D004FFA09 /* AllecordsUITests */,
				783656662BB8651A004FFA09 /* Products */,
				789EEAC02BB9A47D00B99871 /* Frameworks */,
			);
			sourceTree = "<group>";
		};
		783656662BB8651A004FFA09 /* Products */ = {
			isa = PBXGroup;
			children = (
				783656652BB8651A004FFA09 /* Allecords.app */,
				7836567B2BB8651D004FFA09 /* AllecordsTests.xctest */,
				783656852BB8651D004FFA09 /* AllecordsUITests.xctest */,
			);
			name = Products;
			sourceTree = "<group>";
		};
		783656672BB8651A004FFA09 /* Allecords */ = {
			isa = PBXGroup;
			children = (
				788EB65B2BF3585400EECCBD /* Utils */,
				789D6B302BCA5CBC0088511B /* Domain */,
				789D6B292BCA5CB70088511B /* Data */,
				789EEAE12BC0085B00B99871 /* DesignSystem */,
				789EEABC2BB99F6300B99871 /* Extension */,
				789EEA9F2BB881DD00B99871 /* Core */,
				789EEA902BB87E8D00B99871 /* Scenes */,
				789EEA8A2BB8794100B99871 /* App */,
			);
			path = Allecords;
			sourceTree = "<group>";
		};
		7836567E2BB8651D004FFA09 /* AllecordsTests */ = {
			isa = PBXGroup;
			children = (
				7836567F2BB8651D004FFA09 /* AllecordsTests.swift */,
			);
			path = AllecordsTests;
			sourceTree = "<group>";
		};
		783656882BB8651D004FFA09 /* AllecordsUITests */ = {
			isa = PBXGroup;
			children = (
				783656892BB8651D004FFA09 /* AllecordsUITests.swift */,
				7836568B2BB8651D004FFA09 /* AllecordsUITestsLaunchTests.swift */,
			);
			path = AllecordsUITests;
			sourceTree = "<group>";
		};
		7852626D2C062A0300425457 /* Network */ = {
			isa = PBXGroup;
			children = (
				7852626E2C062A1900425457 /* AccessTokenInterceptor.swift */,
			);
			path = Network;
			sourceTree = "<group>";
		};
		785262702C062ABC00425457 /* KeyChain */ = {
			isa = PBXGroup;
			children = (
				785262712C062AC600425457 /* KeyChain.swift */,
			);
			path = KeyChain;
			sourceTree = "<group>";
		};
		788EB6542BF34E6700EECCBD /* Cacher */ = {
			isa = PBXGroup;
			children = (
				788EB6572BF34EAC00EECCBD /* AllecordsImageCache.swift */,
			);
			path = Cacher;
			sourceTree = "<group>";
		};
		788EB65B2BF3585400EECCBD /* Utils */ = {
			isa = PBXGroup;
			children = (
				785262702C062ABC00425457 /* KeyChain */,
				7852626D2C062A0300425457 /* Network */,
				78BAFC542BF33F11008F900D /* AllecordsImage */,
			);
			path = Utils;
			sourceTree = "<group>";
		};
		788EB65E2BFDD4D000EECCBD /* FloatingButton */ = {
			isa = PBXGroup;
			children = (
				788EB65F2BFDD4FF00EECCBD /* AllecordsFloatingButton.swift */,
			);
			path = FloatingButton;
			sourceTree = "<group>";
		};
		788EB6612BFE243800EECCBD /* AddScene */ = {
			isa = PBXGroup;
			children = (
				788EB66C2BFE37A500EECCBD /* AllecordsTextField */,
				788EB6622BFE250C00EECCBD /* AddAction.swift */,
				788EB6632BFE250C00EECCBD /* AddRouter.swift */,
				788EB6642BFE250C00EECCBD /* AddViewController.swift */,
				788EB6652BFE250C00EECCBD /* AddBuilder.swift */,
				788EB6662BFE250C00EECCBD /* AddViewModel.swift */,
			);
			path = AddScene;
			sourceTree = "<group>";
		};
		788EB66C2BFE37A500EECCBD /* AllecordsTextField */ = {
			isa = PBXGroup;
			children = (
				788EB66D2BFE37B800EECCBD /* AllecordsTextField.swift */,
				789C81432C02516300760A16 /* PhotoCollectionViewCell.swift */,
				785262552C05A7FA00425457 /* PhotoAddCollectionViewCell.swift */,
			);
			path = AllecordsTextField;
			sourceTree = "<group>";
		};
		789D6B292BCA5CB70088511B /* Data */ = {
			isa = PBXGroup;
			children = (
				789D6B2A2BCA5CB70088511B /* DTO */,
				789D6B2C2BCA5CB70088511B /* Repositories */,
			);
			path = Data;
			sourceTree = "<group>";
		};
		789D6B2A2BCA5CB70088511B /* DTO */ = {
			isa = PBXGroup;
			children = (
				789D6B2B2BCA5CB70088511B /* BetweenProductDTO.swift */,
				785262732C063EBE00425457 /* AllecordsProductDTO.swift */,
			);
			path = DTO;
			sourceTree = "<group>";
		};
		789D6B2C2BCA5CB70088511B /* Repositories */ = {
			isa = PBXGroup;
			children = (
				789D6B2D2BCA5CB70088511B /* DefualtHomeRepository.swift */,
				7852626B2C05F0F500425457 /* DefaultProductRepository.swift */,
			);
			path = Repositories;
			sourceTree = "<group>";
		};
		789D6B302BCA5CBC0088511B /* Domain */ = {
			isa = PBXGroup;
			children = (
				789D6B312BCA5CBC0088511B /* Repositories */,
				789D6B332BCA5CBC0088511B /* UseCases */,
				789D6B352BCA5CBC0088511B /* Entities */,
			);
			path = Domain;
			sourceTree = "<group>";
		};
		789D6B312BCA5CBC0088511B /* Repositories */ = {
			isa = PBXGroup;
			children = (
				789D6B322BCA5CBC0088511B /* HomeRepository.swift */,
				785262692C05EFC200425457 /* ProductRepository.swift */,
				85078E082C1DF5A400068060 /* MyPageRepository.swift */,
			);
			path = Repositories;
			sourceTree = "<group>";
		};
		789D6B332BCA5CBC0088511B /* UseCases */ = {
			isa = PBXGroup;
			children = (
				789D6B342BCA5CBC0088511B /* HomeUseCase.swift */,
				785262672C05EF4C00425457 /* ProductUseCase.swift */,
				85078E062C1DF58100068060 /* MyPageUseCase.swift */,
			);
			path = UseCases;
			sourceTree = "<group>";
		};
		789D6B352BCA5CBC0088511B /* Entities */ = {
			isa = PBXGroup;
			children = (
				789D6B362BCA5CBC0088511B /* BetweenProduct.swift */,
				785262652C05ED6300425457 /* ProductRegister.swift */,
				785262752C06401000425457 /* AllecordsProduct.swift */,
			);
			path = Entities;
			sourceTree = "<group>";
		};
		789D6B3E2BCC29370088511B /* Font */ = {
			isa = PBXGroup;
			children = (
				7827F8122BE021B7008F6883 /* NotoSansKR-Bold.otf */,
				789D6B402BCC29470088511B /* NotoSansCJKkr-Medium.otf */,
				789D6B3F2BCC29450088511B /* NotoSansCJKkr-Regular.otf */,
			);
			path = Font;
			sourceTree = "<group>";
		};
		789EEA8A2BB8794100B99871 /* App */ = {
			isa = PBXGroup;
			children = (
				783656682BB8651A004FFA09 /* AppDelegate.swift */,
				7836566A2BB8651A004FFA09 /* SceneDelegate.swift */,
				789EEA8B2BB8797800B99871 /* Resources */,
			);
			path = App;
			sourceTree = "<group>";
		};
		789EEA8B2BB8797800B99871 /* Resources */ = {
			isa = PBXGroup;
			children = (
				783656762BB8651D004FFA09 /* Info.plist */,
				783656712BB8651D004FFA09 /* Assets.xcassets */,
				789D6B3E2BCC29370088511B /* Font */,
			);
			path = Resources;
			sourceTree = "<group>";
		};
		789EEA902BB87E8D00B99871 /* Scenes */ = {
			isa = PBXGroup;
			children = (
				789EEA912BB87EB300B99871 /* TabBarScene */,
			);
			path = Scenes;
			sourceTree = "<group>";
		};
		789EEA912BB87EB300B99871 /* TabBarScene */ = {
			isa = PBXGroup;
			children = (
				789EEA922BB87ED800B99871 /* HomeScene */,
				789EEA932BB87EE500B99871 /* ChatScene */,
				85078DDE2C1DF36100068060 /* MyPageScene */,
				789EEA9B2BB8802600B99871 /* TabBarViewController.swift */,
				789EEAC32BB9A92600B99871 /* TabBarBuilder.swift */,
				789EEAA22BB8827000B99871 /* TabBarpage.swift */,
			);
			path = TabBarScene;
			sourceTree = "<group>";
		};
		789EEA922BB87ED800B99871 /* HomeScene */ = {
			isa = PBXGroup;
			children = (
				7827F8092BDFF2B8008F6883 /* AllecordsScene */,
				7827F8082BDFED51008F6883 /* BetweenScene */,
				7827F80A2BDFF310008F6883 /* HomeTabViewController.swift */,
				7827F8102BE00EFD008F6883 /* HomeTopTabView.swift */,
				7827F80C2BDFFFF0008F6883 /* HomeTabBuilder.swift */,
				7827F80E2BE00000008F6883 /* HomeTabRouter.swift */,
			);
			path = HomeScene;
			sourceTree = "<group>";
		};
		789EEA932BB87EE500B99871 /* ChatScene */ = {
			isa = PBXGroup;
			children = (
				789EEA972BB87F4500B99871 /* ChatViewController.swift */,
			);
			path = ChatScene;
			sourceTree = "<group>";
		};
		789EEA9F2BB881DD00B99871 /* Core */ = {
			isa = PBXGroup;
			children = (
				789EEAA02BB881EE00B99871 /* ViewModelable.swift */,
				789EEAB02BB9955400B99871 /* Router.swift */,
				789EEAB42BB9977B00B99871 /* AppRouter.swift */,
				789EEAB22BB9957700B99871 /* DependencyContainer.swift */,
				789EEAAE2BB993F600B99871 /* NavigationController.swift */,
				789D6B3C2BCA5E6D0088511B /* ViewBindable.swift */,
			);
			path = Core;
			sourceTree = "<group>";
		};
		789EEABC2BB99F6300B99871 /* Extension */ = {
			isa = PBXGroup;
			children = (
				789EEAE52BC00A7500B99871 /* UIKit */,
				789EEABD2BB99F6D00B99871 /* Combine+ */,
			);
			path = Extension;
			sourceTree = "<group>";
		};
		789EEABD2BB99F6D00B99871 /* Combine+ */ = {
			isa = PBXGroup;
			children = (
				789EEABE2BB99F8200B99871 /* Publisher+Operator.swift */,
				7852625D2C05C08B00425457 /* UITextField+Combine.swift */,
				785262612C05C12E00425457 /* UITextView+Combine.swift */,
				789D6B3A2BCA5D170088511B /* Future+.swift */,
				785262592C05BF3000425457 /* UIButton+Combine.swift */,
				7852625B2C05BF4F00425457 /* UIControl+Operator.swift */,
			);
			path = "Combine+";
			sourceTree = "<group>";
		};
		789EEAC02BB9A47D00B99871 /* Frameworks */ = {
			isa = PBXGroup;
			children = (
				789EEAC12BB9A47D00B99871 /* libAllecordsNetwork.a */,
			);
			name = Frameworks;
			sourceTree = "<group>";
		};
		789EEAE12BC0085B00B99871 /* DesignSystem */ = {
			isa = PBXGroup;
			children = (
				789EEAE22BC0086E00B99871 /* Sources */,
			);
			path = DesignSystem;
			sourceTree = "<group>";
		};
		789EEAE22BC0086E00B99871 /* Sources */ = {
			isa = PBXGroup;
			children = (
				789EEAE32BC0088900B99871 /* AllecordsNavigationItem.swift */,
				789EEAEA2BC00B2400B99871 /* AllecordsNavigationBar.swift */,
				785262572C05BC7C00425457 /* AllecordsConfirmButton.swift */,
			);
			path = Sources;
			sourceTree = "<group>";
		};
		789EEAE52BC00A7500B99871 /* UIKit */ = {
			isa = PBXGroup;
			children = (
				789EEAE62BC00A7F00B99871 /* UIImage+Resize.swift */,
				78BAFC602BF34934008F900D /* UIImageView+.swift */,
				789EEAE82BC00A9700B99871 /* UIFont+.swift */,
				789EEAEC2BC00B8B00B99871 /* UIDevice+SafeAreaHeight.swift */,
				789C810E2BFE663000760A16 /* UIResponder+.swift */,
				7852625F2C05C0A000425457 /* String+.swift */,
				785262632C05C5A400425457 /* Data+.swift */,
			);
			path = UIKit;
			sourceTree = "<group>";
		};
		789EEAF02BC93A6E00B99871 /* View */ = {
			isa = PBXGroup;
			children = (
				8570F5AE2BBFE472009D1772 /* ProductCell.swift */,
			);
			path = View;
			sourceTree = "<group>";
		};
		78BAFC542BF33F11008F900D /* AllecordsImage */ = {
			isa = PBXGroup;
			children = (
				788EB6542BF34E6700EECCBD /* Cacher */,
				78BAFC572BF33FF1008F900D /* Downloader */,
				788EB6592BF351DF00EECCBD /* AllecordsImageService.swift */,
			);
			path = AllecordsImage;
			sourceTree = "<group>";
		};
		78BAFC572BF33FF1008F900D /* Downloader */ = {
			isa = PBXGroup;
			children = (
				78BAFC5A2BF34053008F900D /* AllecordsImageLoadable.swift */,
				78BAFC552BF33F3B008F900D /* AllecordsImageLoader.swift */,
				78BAFC5E2BF343FB008F900D /* AllecordsImageLoaderError.swift */,
			);
			path = Downloader;
			sourceTree = "<group>";
		};
		85078D692BD40DB000068060 /* ProductDetailScene */ = {
			isa = PBXGroup;
			children = (
				85078D6C2BD40E4A00068060 /* ProductDetailViewController.swift */,
				85078D6E2BD40E4A00068060 /* ProductDetailViewModel.swift */,
				85078D6A2BD40E4A00068060 /* ProductDetailInput.swift */,
				85078D6B2BD40E4A00068060 /* ProductDetailRouter.swift */,
				85078D6D2BD40E4A00068060 /* ProductDetailBuilder.swift */,
			);
			path = ProductDetailScene;
			sourceTree = "<group>";
		};
		85078D802BECF9E200068060 /* ProductWebViewScene */ = {
			isa = PBXGroup;
			children = (
				85078D8D2BED27F100068060 /* ProductWebViewController.swift */,
				85078D8C2BED27F100068060 /* ProductWebRouter.swift */,
			);
			path = ProductWebViewScene;
			sourceTree = "<group>";
		};
		85078DDE2C1DF36100068060 /* MyPageScene */ = {
			isa = PBXGroup;
			children = (
				85078DE12C1DF3A100068060 /* MyPageTabViewController.swift */,
				85078DEA2C1DF3D900068060 /* MyPageTopTabView.swift */,
				85078DE32C1DF3A100068060 /* MyPageTabViewModel.swift */,
				85078DDF2C1DF3A100068060 /* MyPageTabInput.swift */,
				85078DE02C1DF3A100068060 /* MyPageTabRouter.swift */,
				85078DE22C1DF3A100068060 /* MyPageTabBuilder.swift */,
				85078DE92C1DF3BA00068060 /* View */,
			);
			path = MyPageScene;
			sourceTree = "<group>";
		};
		85078DE92C1DF3BA00068060 /* View */ = {
			isa = PBXGroup;
			children = (
				85078DED2C1DF45300068060 /* TermsOfServiceScene */,
				85078DEC2C1DF44600068060 /* LicenseScene */,
			);
			path = View;
			sourceTree = "<group>";
		};
		85078DEC2C1DF44600068060 /* LicenseScene */ = {
			isa = PBXGroup;
			children = (
				85078DFC2C1DF4CD00068060 /* LicenseViewController.swift */,
				85078DFB2C1DF4CD00068060 /* LicenseRouter.swift */,
				85078DFD2C1DF4CD00068060 /* LicenseBuilder.swift */,
				85078E042C1DF50000068060 /* LicenseText.rtf */,
			);
			path = LicenseScene;
			sourceTree = "<group>";
		};
		85078DED2C1DF45300068060 /* TermsOfServiceScene */ = {
			isa = PBXGroup;
			children = (
				85078DF02C1DF47400068060 /* TermsOfServiceViewController.swift */,
				85078DEF2C1DF47400068060 /* TermsOfServiceRouter.swift */,
				85078DF12C1DF47400068060 /* TermsOfServiceBuilder.swift */,
				85078DF82C1DF4B300068060 /* TermsOfServiceText.rtf */,
			);
			path = TermsOfServiceScene;
			sourceTree = "<group>";
		};
/* End PBXGroup section */

/* Begin PBXNativeTarget section */
		783656642BB8651A004FFA09 /* Allecords */ = {
			isa = PBXNativeTarget;
			buildConfigurationList = 7836568F2BB8651D004FFA09 /* Build configuration list for PBXNativeTarget "Allecords" */;
			buildPhases = (
				783656612BB8651A004FFA09 /* Sources */,
				783656622BB8651A004FFA09 /* Frameworks */,
				783656632BB8651A004FFA09 /* Resources */,
				789EEADE2BB9CAD700B99871 /* ShellScript */,
			);
			buildRules = (
			);
			dependencies = (
			);
			name = Allecords;
			productName = Allecords;
			productReference = 783656652BB8651A004FFA09 /* Allecords.app */;
			productType = "com.apple.product-type.application";
		};
		7836567A2BB8651D004FFA09 /* AllecordsTests */ = {
			isa = PBXNativeTarget;
			buildConfigurationList = 783656922BB8651D004FFA09 /* Build configuration list for PBXNativeTarget "AllecordsTests" */;
			buildPhases = (
				783656772BB8651D004FFA09 /* Sources */,
				783656782BB8651D004FFA09 /* Frameworks */,
				783656792BB8651D004FFA09 /* Resources */,
			);
			buildRules = (
			);
			dependencies = (
				7836567D2BB8651D004FFA09 /* PBXTargetDependency */,
			);
			name = AllecordsTests;
			productName = AllecordsTests;
			productReference = 7836567B2BB8651D004FFA09 /* AllecordsTests.xctest */;
			productType = "com.apple.product-type.bundle.unit-test";
		};
		783656842BB8651D004FFA09 /* AllecordsUITests */ = {
			isa = PBXNativeTarget;
			buildConfigurationList = 783656952BB8651D004FFA09 /* Build configuration list for PBXNativeTarget "AllecordsUITests" */;
			buildPhases = (
				783656812BB8651D004FFA09 /* Sources */,
				783656822BB8651D004FFA09 /* Frameworks */,
				783656832BB8651D004FFA09 /* Resources */,
			);
			buildRules = (
			);
			dependencies = (
				783656872BB8651D004FFA09 /* PBXTargetDependency */,
			);
			name = AllecordsUITests;
			productName = AllecordsUITests;
			productReference = 783656852BB8651D004FFA09 /* AllecordsUITests.xctest */;
			productType = "com.apple.product-type.bundle.ui-testing";
		};
/* End PBXNativeTarget section */

/* Begin PBXProject section */
		7836565D2BB8651A004FFA09 /* Project object */ = {
			isa = PBXProject;
			attributes = {
				BuildIndependentTargetsInParallel = 1;
				LastSwiftUpdateCheck = 1500;
				LastUpgradeCheck = 1500;
				TargetAttributes = {
					783656642BB8651A004FFA09 = {
						CreatedOnToolsVersion = 15.0;
					};
					7836567A2BB8651D004FFA09 = {
						CreatedOnToolsVersion = 15.0;
						TestTargetID = 783656642BB8651A004FFA09;
					};
					783656842BB8651D004FFA09 = {
						CreatedOnToolsVersion = 15.0;
						TestTargetID = 783656642BB8651A004FFA09;
					};
				};
			};
			buildConfigurationList = 783656602BB8651A004FFA09 /* Build configuration list for PBXProject "Allecords" */;
			compatibilityVersion = "Xcode 14.0";
			developmentRegion = en;
			hasScannedForEncodings = 0;
			knownRegions = (
				en,
				Base,
			);
			mainGroup = 7836565C2BB8651A004FFA09;
			productRefGroup = 783656662BB8651A004FFA09 /* Products */;
			projectDirPath = "";
			projectRoot = "";
			targets = (
				783656642BB8651A004FFA09 /* Allecords */,
				7836567A2BB8651D004FFA09 /* AllecordsTests */,
				783656842BB8651D004FFA09 /* AllecordsUITests */,
			);
		};
/* End PBXProject section */

/* Begin PBXResourcesBuildPhase section */
		783656632BB8651A004FFA09 /* Resources */ = {
			isa = PBXResourcesBuildPhase;
			buildActionMask = 2147483647;
			files = (
				789EEAE02BB9CAF400B99871 /* .swiftlint.yml in Resources */,
				85078E052C1DF50000068060 /* LicenseText.rtf in Resources */,
				789D6B412BCC2AF80088511B /* NotoSansCJKkr-Regular.otf in Resources */,
				85078DF92C1DF4B300068060 /* TermsOfServiceText.rtf in Resources */,
				783656722BB8651D004FFA09 /* Assets.xcassets in Resources */,
				789D6B422BCC2AFB0088511B /* NotoSansCJKkr-Medium.otf in Resources */,
				7827F8132BE021B7008F6883 /* NotoSansKR-Bold.otf in Resources */,
			);
			runOnlyForDeploymentPostprocessing = 0;
		};
		783656792BB8651D004FFA09 /* Resources */ = {
			isa = PBXResourcesBuildPhase;
			buildActionMask = 2147483647;
			files = (
			);
			runOnlyForDeploymentPostprocessing = 0;
		};
		783656832BB8651D004FFA09 /* Resources */ = {
			isa = PBXResourcesBuildPhase;
			buildActionMask = 2147483647;
			files = (
			);
			runOnlyForDeploymentPostprocessing = 0;
		};
/* End PBXResourcesBuildPhase section */

/* Begin PBXShellScriptBuildPhase section */
		789EEADE2BB9CAD700B99871 /* ShellScript */ = {
			isa = PBXShellScriptBuildPhase;
			buildActionMask = 2147483647;
			files = (
			);
			inputFileListPaths = (
			);
			inputPaths = (
			);
			outputFileListPaths = (
			);
			outputPaths = (
			);
			runOnlyForDeploymentPostprocessing = 0;
			shellPath = /bin/sh;
			shellScript = "if [[ \"$(uname -m)\" == arm64 ]]; then\n    export PATH=\"/opt/homebrew/bin:$PATH\"\nfi\n\nif which swiftlint >/dev/null; then\n  swiftlint\nelse\n  echo \"warning: SwiftLint not installed, download from https://github.com/realm/SwiftLint\"\nfi\n";
		};
/* End PBXShellScriptBuildPhase section */

/* Begin PBXSourcesBuildPhase section */
		783656612BB8651A004FFA09 /* Sources */ = {
			isa = PBXSourcesBuildPhase;
			buildActionMask = 2147483647;
			files = (
				789EEAED2BC00B8B00B99871 /* UIDevice+SafeAreaHeight.swift in Sources */,
				789EEAB52BB9977B00B99871 /* AppRouter.swift in Sources */,
				789EEABB2BB99CFE00B99871 /* BetweenInput.swift in Sources */,
				7827F80B2BDFF310008F6883 /* HomeTabViewController.swift in Sources */,
				85078D6F2BD40E4A00068060 /* ProductDetailInput.swift in Sources */,
				7852625C2C05BF4F00425457 /* UIControl+Operator.swift in Sources */,
				85078D702BD40E4A00068060 /* ProductDetailRouter.swift in Sources */,
				85078D712BD40E4A00068060 /* ProductDetailViewController.swift in Sources */,
				788EB66A2BFE250C00EECCBD /* AddBuilder.swift in Sources */,
				785262762C06401000425457 /* AllecordsProduct.swift in Sources */,
				7827F8112BE00EFD008F6883 /* HomeTopTabView.swift in Sources */,
				788EB6692BFE250C00EECCBD /* AddViewController.swift in Sources */,
				85078E002C1DF4CD00068060 /* LicenseRouter.swift in Sources */,
				85078E012C1DF4CD00068060 /* LicenseViewController.swift in Sources */,
				85078E022C1DF4CD00068060 /* LicenseBuilder.swift in Sources */,
				85078D722BD40E4A00068060 /* ProductDetailBuilder.swift in Sources */,
				85078D912BED27F100068060 /* ProductWebRouter.swift in Sources */,
				85078D922BED27F100068060 /* ProductWebViewController.swift in Sources */,
				85078DF42C1DF47400068060 /* TermsOfServiceRouter.swift in Sources */,
				85078DF52C1DF47400068060 /* TermsOfServiceViewController.swift in Sources */,
				85078DF62C1DF47400068060 /* TermsOfServiceBuilder.swift in Sources */,
				785262602C05C0A000425457 /* String+.swift in Sources */,
				85078E072C1DF58100068060 /* MyPageUseCase.swift in Sources */,
				785262622C05C12E00425457 /* UITextView+Combine.swift in Sources */,
				7852625A2C05BF3000425457 /* UIButton+Combine.swift in Sources */,
				785262742C063EBE00425457 /* AllecordsProductDTO.swift in Sources */,
				85078D732BD40E4A00068060 /* ProductDetailViewModel.swift in Sources */,
				789EEAB72BB99A4000B99871 /* BetweenRouter.swift in Sources */,
				789EEAB12BB9955400B99871 /* Router.swift in Sources */,
				78BAFC612BF34934008F900D /* UIImageView+.swift in Sources */,
				789EEAB92BB99A8100B99871 /* BetweenBuilder.swift in Sources */,
				785262662C05ED6300425457 /* ProductRegister.swift in Sources */,
				78BAFC562BF33F3B008F900D /* AllecordsImageLoader.swift in Sources */,
				789D6B372BCA5CBC0088511B /* HomeRepository.swift in Sources */,
				788EB66E2BFE37B800EECCBD /* AllecordsTextField.swift in Sources */,
				785262562C05A7FA00425457 /* PhotoAddCollectionViewCell.swift in Sources */,
				789EEAA12BB881EE00B99871 /* ViewModelable.swift in Sources */,
				785262722C062AC600425457 /* KeyChain.swift in Sources */,
				85078DEB2C1DF3D900068060 /* MyPageTopTabView.swift in Sources */,
				78BAFC5B2BF34053008F900D /* AllecordsImageLoadable.swift in Sources */,
				788EB6672BFE250C00EECCBD /* AddAction.swift in Sources */,
				785262582C05BC7C00425457 /* AllecordsConfirmButton.swift in Sources */,
				783656692BB8651A004FFA09 /* AppDelegate.swift in Sources */,
				785262682C05EF4C00425457 /* ProductUseCase.swift in Sources */,
				789EEAC42BB9A92600B99871 /* TabBarBuilder.swift in Sources */,
				789EEAE42BC0088900B99871 /* AllecordsNavigationItem.swift in Sources */,
				789EEAE92BC00A9700B99871 /* UIFont+.swift in Sources */,
				7827F80F2BE00000008F6883 /* HomeTabRouter.swift in Sources */,
				789EEAB32BB9957700B99871 /* DependencyContainer.swift in Sources */,
				785262642C05C5A400425457 /* Data+.swift in Sources */,
				788EB6682BFE250C00EECCBD /* AddRouter.swift in Sources */,
				789EEAAF2BB993F600B99871 /* NavigationController.swift in Sources */,
				789D6B392BCA5CBC0088511B /* BetweenProduct.swift in Sources */,
				789D6B3D2BCA5E6D0088511B /* ViewBindable.swift in Sources */,
				7852625E2C05C08B00425457 /* UITextField+Combine.swift in Sources */,
				789EEAEB2BC00B2400B99871 /* AllecordsNavigationBar.swift in Sources */,
				85078D7A2BEA540800068060 /* AllecordsInput.swift in Sources */,
				85078D7B2BEA540800068060 /* AllecordsRouter.swift in Sources */,
				85078D7C2BEA540800068060 /* AllecordsViewController.swift in Sources */,
				85078D7D2BEA540800068060 /* AllecordsBuilder.swift in Sources */,
				788EB6602BFDD4FF00EECCBD /* AllecordsFloatingButton.swift in Sources */,
				85078D7E2BEA540800068060 /* AllecordsViewModel.swift in Sources */,
				7836566B2BB8651A004FFA09 /* SceneDelegate.swift in Sources */,
				789EEAE72BC00A7F00B99871 /* UIImage+Resize.swift in Sources */,
				78BAFC5F2BF343FB008F900D /* AllecordsImageLoaderError.swift in Sources */,
				789EEAA32BB8827000B99871 /* TabBarpage.swift in Sources */,
				7852626A2C05EFC200425457 /* ProductRepository.swift in Sources */,
				789EEAA72BB8863700B99871 /* BetweenViewModel.swift in Sources */,
				789D6B2E2BCA5CB70088511B /* BetweenProductDTO.swift in Sources */,
				789D6B2F2BCA5CB70088511B /* DefualtHomeRepository.swift in Sources */,
				789D6B382BCA5CBC0088511B /* HomeUseCase.swift in Sources */,
				85078DE42C1DF3A100068060 /* MyPageTabInput.swift in Sources */,
				85078DE52C1DF3A100068060 /* MyPageTabRouter.swift in Sources */,
				85078DE62C1DF3A100068060 /* MyPageTabViewController.swift in Sources */,
				85078DE72C1DF3A100068060 /* MyPageTabBuilder.swift in Sources */,
				85078DE82C1DF3A100068060 /* MyPageTabViewModel.swift in Sources */,
				85078E092C1DF5A400068060 /* MyPageRepository.swift in Sources */,
				789EEA9C2BB8802600B99871 /* TabBarViewController.swift in Sources */,
				8570F5AF2BBFE472009D1772 /* ProductCell.swift in Sources */,
				7852626C2C05F0F500425457 /* DefaultProductRepository.swift in Sources */,
				7852626F2C062A1900425457 /* AccessTokenInterceptor.swift in Sources */,
				788EB6582BF34EAC00EECCBD /* AllecordsImageCache.swift in Sources */,
				789C81442C02516300760A16 /* PhotoCollectionViewCell.swift in Sources */,
				789C810F2BFE663000760A16 /* UIResponder+.swift in Sources */,
				789EEABF2BB99F8200B99871 /* Publisher+Operator.swift in Sources */,
				7827F80D2BDFFFF0008F6883 /* HomeTabBuilder.swift in Sources */,
				789EEA982BB87F4500B99871 /* ChatViewController.swift in Sources */,
				788EB65A2BF351DF00EECCBD /* AllecordsImageService.swift in Sources */,
				789D6B3B2BCA5D170088511B /* Future+.swift in Sources */,
				788EB66B2BFE250C00EECCBD /* AddViewModel.swift in Sources */,
				789EEA962BB87F2D00B99871 /* BetweenViewController.swift in Sources */,
			);
			runOnlyForDeploymentPostprocessing = 0;
		};
		783656772BB8651D004FFA09 /* Sources */ = {
			isa = PBXSourcesBuildPhase;
			buildActionMask = 2147483647;
			files = (
				783656802BB8651D004FFA09 /* AllecordsTests.swift in Sources */,
			);
			runOnlyForDeploymentPostprocessing = 0;
		};
		783656812BB8651D004FFA09 /* Sources */ = {
			isa = PBXSourcesBuildPhase;
			buildActionMask = 2147483647;
			files = (
				7836568C2BB8651D004FFA09 /* AllecordsUITestsLaunchTests.swift in Sources */,
				7836568A2BB8651D004FFA09 /* AllecordsUITests.swift in Sources */,
			);
			runOnlyForDeploymentPostprocessing = 0;
		};
/* End PBXSourcesBuildPhase section */

/* Begin PBXTargetDependency section */
		7836567D2BB8651D004FFA09 /* PBXTargetDependency */ = {
			isa = PBXTargetDependency;
			target = 783656642BB8651A004FFA09 /* Allecords */;
			targetProxy = 7836567C2BB8651D004FFA09 /* PBXContainerItemProxy */;
		};
		783656872BB8651D004FFA09 /* PBXTargetDependency */ = {
			isa = PBXTargetDependency;
			target = 783656642BB8651A004FFA09 /* Allecords */;
			targetProxy = 783656862BB8651D004FFA09 /* PBXContainerItemProxy */;
		};
/* End PBXTargetDependency section */

/* Begin XCBuildConfiguration section */
		7836568D2BB8651D004FFA09 /* Debug */ = {
			isa = XCBuildConfiguration;
			buildSettings = {
				ALWAYS_SEARCH_USER_PATHS = NO;
				ASSETCATALOG_COMPILER_GENERATE_SWIFT_ASSET_SYMBOL_EXTENSIONS = YES;
				CLANG_ANALYZER_NONNULL = YES;
				CLANG_ANALYZER_NUMBER_OBJECT_CONVERSION = YES_AGGRESSIVE;
				CLANG_CXX_LANGUAGE_STANDARD = "gnu++20";
				CLANG_ENABLE_MODULES = YES;
				CLANG_ENABLE_OBJC_ARC = YES;
				CLANG_ENABLE_OBJC_WEAK = YES;
				CLANG_WARN_BLOCK_CAPTURE_AUTORELEASING = YES;
				CLANG_WARN_BOOL_CONVERSION = YES;
				CLANG_WARN_COMMA = YES;
				CLANG_WARN_CONSTANT_CONVERSION = YES;
				CLANG_WARN_DEPRECATED_OBJC_IMPLEMENTATIONS = YES;
				CLANG_WARN_DIRECT_OBJC_ISA_USAGE = YES_ERROR;
				CLANG_WARN_DOCUMENTATION_COMMENTS = YES;
				CLANG_WARN_EMPTY_BODY = YES;
				CLANG_WARN_ENUM_CONVERSION = YES;
				CLANG_WARN_INFINITE_RECURSION = YES;
				CLANG_WARN_INT_CONVERSION = YES;
				CLANG_WARN_NON_LITERAL_NULL_CONVERSION = YES;
				CLANG_WARN_OBJC_IMPLICIT_RETAIN_SELF = YES;
				CLANG_WARN_OBJC_LITERAL_CONVERSION = YES;
				CLANG_WARN_OBJC_ROOT_CLASS = YES_ERROR;
				CLANG_WARN_QUOTED_INCLUDE_IN_FRAMEWORK_HEADER = YES;
				CLANG_WARN_RANGE_LOOP_ANALYSIS = YES;
				CLANG_WARN_STRICT_PROTOTYPES = YES;
				CLANG_WARN_SUSPICIOUS_MOVE = YES;
				CLANG_WARN_UNGUARDED_AVAILABILITY = YES_AGGRESSIVE;
				CLANG_WARN_UNREACHABLE_CODE = YES;
				CLANG_WARN__DUPLICATE_METHOD_MATCH = YES;
				COPY_PHASE_STRIP = NO;
				DEBUG_INFORMATION_FORMAT = dwarf;
				ENABLE_STRICT_OBJC_MSGSEND = YES;
				ENABLE_TESTABILITY = YES;
				ENABLE_USER_SCRIPT_SANDBOXING = YES;
				GCC_C_LANGUAGE_STANDARD = gnu17;
				GCC_DYNAMIC_NO_PIC = NO;
				GCC_NO_COMMON_BLOCKS = YES;
				GCC_OPTIMIZATION_LEVEL = 0;
				GCC_PREPROCESSOR_DEFINITIONS = (
					"DEBUG=1",
					"$(inherited)",
				);
				GCC_WARN_64_TO_32_BIT_CONVERSION = YES;
				GCC_WARN_ABOUT_RETURN_TYPE = YES_ERROR;
				GCC_WARN_UNDECLARED_SELECTOR = YES;
				GCC_WARN_UNINITIALIZED_AUTOS = YES_AGGRESSIVE;
				GCC_WARN_UNUSED_FUNCTION = YES;
				GCC_WARN_UNUSED_VARIABLE = YES;
				IPHONEOS_DEPLOYMENT_TARGET = 16.0;
				LOCALIZATION_PREFERS_STRING_CATALOGS = YES;
				MTL_ENABLE_DEBUG_INFO = INCLUDE_SOURCE;
				MTL_FAST_MATH = YES;
				ONLY_ACTIVE_ARCH = YES;
				SDKROOT = iphoneos;
				SWIFT_ACTIVE_COMPILATION_CONDITIONS = "DEBUG $(inherited)";
				SWIFT_OPTIMIZATION_LEVEL = "-Onone";
			};
			name = Debug;
		};
		7836568E2BB8651D004FFA09 /* Release */ = {
			isa = XCBuildConfiguration;
			buildSettings = {
				ALWAYS_SEARCH_USER_PATHS = NO;
				ASSETCATALOG_COMPILER_GENERATE_SWIFT_ASSET_SYMBOL_EXTENSIONS = YES;
				CLANG_ANALYZER_NONNULL = YES;
				CLANG_ANALYZER_NUMBER_OBJECT_CONVERSION = YES_AGGRESSIVE;
				CLANG_CXX_LANGUAGE_STANDARD = "gnu++20";
				CLANG_ENABLE_MODULES = YES;
				CLANG_ENABLE_OBJC_ARC = YES;
				CLANG_ENABLE_OBJC_WEAK = YES;
				CLANG_WARN_BLOCK_CAPTURE_AUTORELEASING = YES;
				CLANG_WARN_BOOL_CONVERSION = YES;
				CLANG_WARN_COMMA = YES;
				CLANG_WARN_CONSTANT_CONVERSION = YES;
				CLANG_WARN_DEPRECATED_OBJC_IMPLEMENTATIONS = YES;
				CLANG_WARN_DIRECT_OBJC_ISA_USAGE = YES_ERROR;
				CLANG_WARN_DOCUMENTATION_COMMENTS = YES;
				CLANG_WARN_EMPTY_BODY = YES;
				CLANG_WARN_ENUM_CONVERSION = YES;
				CLANG_WARN_INFINITE_RECURSION = YES;
				CLANG_WARN_INT_CONVERSION = YES;
				CLANG_WARN_NON_LITERAL_NULL_CONVERSION = YES;
				CLANG_WARN_OBJC_IMPLICIT_RETAIN_SELF = YES;
				CLANG_WARN_OBJC_LITERAL_CONVERSION = YES;
				CLANG_WARN_OBJC_ROOT_CLASS = YES_ERROR;
				CLANG_WARN_QUOTED_INCLUDE_IN_FRAMEWORK_HEADER = YES;
				CLANG_WARN_RANGE_LOOP_ANALYSIS = YES;
				CLANG_WARN_STRICT_PROTOTYPES = YES;
				CLANG_WARN_SUSPICIOUS_MOVE = YES;
				CLANG_WARN_UNGUARDED_AVAILABILITY = YES_AGGRESSIVE;
				CLANG_WARN_UNREACHABLE_CODE = YES;
				CLANG_WARN__DUPLICATE_METHOD_MATCH = YES;
				COPY_PHASE_STRIP = NO;
				DEBUG_INFORMATION_FORMAT = "dwarf-with-dsym";
				ENABLE_NS_ASSERTIONS = NO;
				ENABLE_STRICT_OBJC_MSGSEND = YES;
				ENABLE_USER_SCRIPT_SANDBOXING = YES;
				GCC_C_LANGUAGE_STANDARD = gnu17;
				GCC_NO_COMMON_BLOCKS = YES;
				GCC_WARN_64_TO_32_BIT_CONVERSION = YES;
				GCC_WARN_ABOUT_RETURN_TYPE = YES_ERROR;
				GCC_WARN_UNDECLARED_SELECTOR = YES;
				GCC_WARN_UNINITIALIZED_AUTOS = YES_AGGRESSIVE;
				GCC_WARN_UNUSED_FUNCTION = YES;
				GCC_WARN_UNUSED_VARIABLE = YES;
				IPHONEOS_DEPLOYMENT_TARGET = 16.0;
				LOCALIZATION_PREFERS_STRING_CATALOGS = YES;
				MTL_ENABLE_DEBUG_INFO = NO;
				MTL_FAST_MATH = YES;
				SDKROOT = iphoneos;
				SWIFT_COMPILATION_MODE = wholemodule;
				VALIDATE_PRODUCT = YES;
			};
			name = Release;
		};
		783656902BB8651D004FFA09 /* Debug */ = {
			isa = XCBuildConfiguration;
			buildSettings = {
				ASSETCATALOG_COMPILER_APPICON_NAME = AppIcon;
				ASSETCATALOG_COMPILER_GLOBAL_ACCENT_COLOR_NAME = AccentColor;
				CODE_SIGN_STYLE = Automatic;
				CURRENT_PROJECT_VERSION = 1;
				DEVELOPMENT_TEAM = 3ZYNC2J93W;
				ENABLE_USER_SCRIPT_SANDBOXING = NO;
				GENERATE_INFOPLIST_FILE = YES;
				INFOPLIST_FILE = Allecords/App/Resources/Info.plist;
				INFOPLIST_KEY_UIApplicationSupportsIndirectInputEvents = YES;
				INFOPLIST_KEY_UILaunchStoryboardName = LaunchScreen;
				INFOPLIST_KEY_UISupportedInterfaceOrientations = UIInterfaceOrientationPortrait;
				INFOPLIST_KEY_UISupportedInterfaceOrientations_iPad = "UIInterfaceOrientationLandscapeLeft UIInterfaceOrientationLandscapeRight UIInterfaceOrientationPortrait UIInterfaceOrientationPortraitUpsideDown";
				IPHONEOS_DEPLOYMENT_TARGET = 16.0;
				LD_RUNPATH_SEARCH_PATHS = (
					"$(inherited)",
					"@executable_path/Frameworks",
				);
				MARKETING_VERSION = 1.0;
				PRODUCT_BUNDLE_IDENTIFIER = Allecords.Allecords;
				PRODUCT_NAME = "$(TARGET_NAME)";
				SUPPORTED_PLATFORMS = "iphoneos iphonesimulator";
				SUPPORTS_MACCATALYST = NO;
				SUPPORTS_MAC_DESIGNED_FOR_IPHONE_IPAD = NO;
				SWIFT_EMIT_LOC_STRINGS = YES;
				SWIFT_VERSION = 5.0;
				TARGETED_DEVICE_FAMILY = 1;
			};
			name = Debug;
		};
		783656912BB8651D004FFA09 /* Release */ = {
			isa = XCBuildConfiguration;
			buildSettings = {
				ASSETCATALOG_COMPILER_APPICON_NAME = AppIcon;
				ASSETCATALOG_COMPILER_GLOBAL_ACCENT_COLOR_NAME = AccentColor;
				CODE_SIGN_STYLE = Automatic;
				CURRENT_PROJECT_VERSION = 1;
				DEVELOPMENT_TEAM = 3ZYNC2J93W;
				ENABLE_USER_SCRIPT_SANDBOXING = NO;
				GENERATE_INFOPLIST_FILE = YES;
				INFOPLIST_FILE = Allecords/App/Resources/Info.plist;
				INFOPLIST_KEY_UIApplicationSupportsIndirectInputEvents = YES;
				INFOPLIST_KEY_UILaunchStoryboardName = LaunchScreen;
				INFOPLIST_KEY_UISupportedInterfaceOrientations = UIInterfaceOrientationPortrait;
				INFOPLIST_KEY_UISupportedInterfaceOrientations_iPad = "UIInterfaceOrientationLandscapeLeft UIInterfaceOrientationLandscapeRight UIInterfaceOrientationPortrait UIInterfaceOrientationPortraitUpsideDown";
				IPHONEOS_DEPLOYMENT_TARGET = 16.0;
				LD_RUNPATH_SEARCH_PATHS = (
					"$(inherited)",
					"@executable_path/Frameworks",
				);
				MARKETING_VERSION = 1.0;
				PRODUCT_BUNDLE_IDENTIFIER = Allecords.Allecords;
				PRODUCT_NAME = "$(TARGET_NAME)";
				SUPPORTED_PLATFORMS = "iphoneos iphonesimulator";
				SUPPORTS_MACCATALYST = NO;
				SUPPORTS_MAC_DESIGNED_FOR_IPHONE_IPAD = NO;
				SWIFT_EMIT_LOC_STRINGS = YES;
				SWIFT_VERSION = 5.0;
				TARGETED_DEVICE_FAMILY = 1;
			};
			name = Release;
		};
		783656932BB8651D004FFA09 /* Debug */ = {
			isa = XCBuildConfiguration;
			buildSettings = {
				ALWAYS_EMBED_SWIFT_STANDARD_LIBRARIES = YES;
				BUNDLE_LOADER = "$(TEST_HOST)";
				CODE_SIGN_STYLE = Automatic;
				CURRENT_PROJECT_VERSION = 1;
				DEVELOPMENT_TEAM = 3ZYNC2J93W;
				GENERATE_INFOPLIST_FILE = YES;
				IPHONEOS_DEPLOYMENT_TARGET = 17.0;
				MARKETING_VERSION = 1.0;
				PRODUCT_BUNDLE_IDENTIFIER = Allecords.AllecordsTests;
				PRODUCT_NAME = "$(TARGET_NAME)";
				SWIFT_EMIT_LOC_STRINGS = NO;
				SWIFT_VERSION = 5.0;
				TARGETED_DEVICE_FAMILY = "1,2";
				TEST_HOST = "$(BUILT_PRODUCTS_DIR)/Allecords.app/$(BUNDLE_EXECUTABLE_FOLDER_PATH)/Allecords";
			};
			name = Debug;
		};
		783656942BB8651D004FFA09 /* Release */ = {
			isa = XCBuildConfiguration;
			buildSettings = {
				ALWAYS_EMBED_SWIFT_STANDARD_LIBRARIES = YES;
				BUNDLE_LOADER = "$(TEST_HOST)";
				CODE_SIGN_STYLE = Automatic;
				CURRENT_PROJECT_VERSION = 1;
				DEVELOPMENT_TEAM = 3ZYNC2J93W;
				GENERATE_INFOPLIST_FILE = YES;
				IPHONEOS_DEPLOYMENT_TARGET = 17.0;
				MARKETING_VERSION = 1.0;
				PRODUCT_BUNDLE_IDENTIFIER = Allecords.AllecordsTests;
				PRODUCT_NAME = "$(TARGET_NAME)";
				SWIFT_EMIT_LOC_STRINGS = NO;
				SWIFT_VERSION = 5.0;
				TARGETED_DEVICE_FAMILY = "1,2";
				TEST_HOST = "$(BUILT_PRODUCTS_DIR)/Allecords.app/$(BUNDLE_EXECUTABLE_FOLDER_PATH)/Allecords";
			};
			name = Release;
		};
		783656962BB8651D004FFA09 /* Debug */ = {
			isa = XCBuildConfiguration;
			buildSettings = {
				ALWAYS_EMBED_SWIFT_STANDARD_LIBRARIES = YES;
				CODE_SIGN_STYLE = Automatic;
				CURRENT_PROJECT_VERSION = 1;
				DEVELOPMENT_TEAM = 3ZYNC2J93W;
				GENERATE_INFOPLIST_FILE = YES;
				MARKETING_VERSION = 1.0;
				PRODUCT_BUNDLE_IDENTIFIER = Allecords.AllecordsUITests;
				PRODUCT_NAME = "$(TARGET_NAME)";
				SWIFT_EMIT_LOC_STRINGS = NO;
				SWIFT_VERSION = 5.0;
				TARGETED_DEVICE_FAMILY = "1,2";
				TEST_TARGET_NAME = Allecords;
			};
			name = Debug;
		};
		783656972BB8651D004FFA09 /* Release */ = {
			isa = XCBuildConfiguration;
			buildSettings = {
				ALWAYS_EMBED_SWIFT_STANDARD_LIBRARIES = YES;
				CODE_SIGN_STYLE = Automatic;
				CURRENT_PROJECT_VERSION = 1;
				DEVELOPMENT_TEAM = 3ZYNC2J93W;
				GENERATE_INFOPLIST_FILE = YES;
				MARKETING_VERSION = 1.0;
				PRODUCT_BUNDLE_IDENTIFIER = Allecords.AllecordsUITests;
				PRODUCT_NAME = "$(TARGET_NAME)";
				SWIFT_EMIT_LOC_STRINGS = NO;
				SWIFT_VERSION = 5.0;
				TARGETED_DEVICE_FAMILY = "1,2";
				TEST_TARGET_NAME = Allecords;
			};
			name = Release;
		};
/* End XCBuildConfiguration section */

/* Begin XCConfigurationList section */
		783656602BB8651A004FFA09 /* Build configuration list for PBXProject "Allecords" */ = {
			isa = XCConfigurationList;
			buildConfigurations = (
				7836568D2BB8651D004FFA09 /* Debug */,
				7836568E2BB8651D004FFA09 /* Release */,
			);
			defaultConfigurationIsVisible = 0;
			defaultConfigurationName = Release;
		};
		7836568F2BB8651D004FFA09 /* Build configuration list for PBXNativeTarget "Allecords" */ = {
			isa = XCConfigurationList;
			buildConfigurations = (
				783656902BB8651D004FFA09 /* Debug */,
				783656912BB8651D004FFA09 /* Release */,
			);
			defaultConfigurationIsVisible = 0;
			defaultConfigurationName = Release;
		};
		783656922BB8651D004FFA09 /* Build configuration list for PBXNativeTarget "AllecordsTests" */ = {
			isa = XCConfigurationList;
			buildConfigurations = (
				783656932BB8651D004FFA09 /* Debug */,
				783656942BB8651D004FFA09 /* Release */,
			);
			defaultConfigurationIsVisible = 0;
			defaultConfigurationName = Release;
		};
		783656952BB8651D004FFA09 /* Build configuration list for PBXNativeTarget "AllecordsUITests" */ = {
			isa = XCConfigurationList;
			buildConfigurations = (
				783656962BB8651D004FFA09 /* Debug */,
				783656972BB8651D004FFA09 /* Release */,
			);
			defaultConfigurationIsVisible = 0;
			defaultConfigurationName = Release;
		};
/* End XCConfigurationList section */
	};
	rootObject = 7836565D2BB8651A004FFA09 /* Project object */;
}
