// !$*UTF8*$!
{
	archiveVersion = 1;
	classes = {
	};
	objectVersion = 56;
	objects = {

/* Begin PBXBuildFile section */
		783656692BB8651A004FFA09 /* AppDelegate.swift in Sources */ = {isa = PBXBuildFile; fileRef = 783656682BB8651A004FFA09 /* AppDelegate.swift */; };
		7836566B2BB8651A004FFA09 /* SceneDelegate.swift in Sources */ = {isa = PBXBuildFile; fileRef = 7836566A2BB8651A004FFA09 /* SceneDelegate.swift */; };
		7836566D2BB8651A004FFA09 /* ViewController.swift in Sources */ = {isa = PBXBuildFile; fileRef = 7836566C2BB8651A004FFA09 /* ViewController.swift */; };
		783656722BB8651D004FFA09 /* Assets.xcassets in Resources */ = {isa = PBXBuildFile; fileRef = 783656712BB8651D004FFA09 /* Assets.xcassets */; };
		783656802BB8651D004FFA09 /* AllecordsTests.swift in Sources */ = {isa = PBXBuildFile; fileRef = 7836567F2BB8651D004FFA09 /* AllecordsTests.swift */; };
		7836568A2BB8651D004FFA09 /* AllecordsUITests.swift in Sources */ = {isa = PBXBuildFile; fileRef = 783656892BB8651D004FFA09 /* AllecordsUITests.swift */; };
		7836568C2BB8651D004FFA09 /* AllecordsUITestsLaunchTests.swift in Sources */ = {isa = PBXBuildFile; fileRef = 7836568B2BB8651D004FFA09 /* AllecordsUITestsLaunchTests.swift */; };
/* End PBXBuildFile section */

/* Begin PBXContainerItemProxy section */
		7836567C2BB8651D004FFA09 /* PBXContainerItemProxy */ = {
			isa = PBXContainerItemProxy;
			containerPortal = 7836565D2BB8651A004FFA09 /* Project object */;
			proxyType = 1;
			remoteGlobalIDString = 783656642BB8651A004FFA09;
			remoteInfo = Allecords;
		};
		783656862BB8651D004FFA09 /* PBXContainerItemProxy */ = {
			isa = PBXContainerItemProxy;
			containerPortal = 7836565D2BB8651A004FFA09 /* Project object */;
			proxyType = 1;
			remoteGlobalIDString = 783656642BB8651A004FFA09;
			remoteInfo = Allecords;
		};
/* End PBXContainerItemProxy section */

/* Begin PBXFileReference section */
		783656652BB8651A004FFA09 /* Allecords.app */ = {isa = PBXFileReference; explicitFileType = wrapper.application; includeInIndex = 0; path = Allecords.app; sourceTree = BUILT_PRODUCTS_DIR; };
		783656682BB8651A004FFA09 /* AppDelegate.swift */ = {isa = PBXFileReference; lastKnownFileType = sourcecode.swift; path = AppDelegate.swift; sourceTree = "<group>"; };
		7836566A2BB8651A004FFA09 /* SceneDelegate.swift */ = {isa = PBXFileReference; lastKnownFileType = sourcecode.swift; path = SceneDelegate.swift; sourceTree = "<group>"; };
		7836566C2BB8651A004FFA09 /* ViewController.swift */ = {isa = PBXFileReference; lastKnownFileType = sourcecode.swift; path = ViewController.swift; sourceTree = "<group>"; };
		783656712BB8651D004FFA09 /* Assets.xcassets */ = {isa = PBXFileReference; lastKnownFileType = folder.assetcatalog; path = Assets.xcassets; sourceTree = "<group>"; };
		783656762BB8651D004FFA09 /* Info.plist */ = {isa = PBXFileReference; lastKnownFileType = text.plist.xml; path = Info.plist; sourceTree = "<group>"; };
		7836567B2BB8651D004FFA09 /* AllecordsTests.xctest */ = {isa = PBXFileReference; explicitFileType = wrapper.cfbundle; includeInIndex = 0; path = AllecordsTests.xctest; sourceTree = BUILT_PRODUCTS_DIR; };
		7836567F2BB8651D004FFA09 /* AllecordsTests.swift */ = {isa = PBXFileReference; lastKnownFileType = sourcecode.swift; path = AllecordsTests.swift; sourceTree = "<group>"; };
		783656852BB8651D004FFA09 /* AllecordsUITests.xctest */ = {isa = PBXFileReference; explicitFileType = wrapper.cfbundle; includeInIndex = 0; path = AllecordsUITests.xctest; sourceTree = BUILT_PRODUCTS_DIR; };
		783656892BB8651D004FFA09 /* AllecordsUITests.swift */ = {isa = PBXFileReference; lastKnownFileType = sourcecode.swift; path = AllecordsUITests.swift; sourceTree = "<group>"; };
		7836568B2BB8651D004FFA09 /* AllecordsUITestsLaunchTests.swift */ = {isa = PBXFileReference; lastKnownFileType = sourcecode.swift; path = AllecordsUITestsLaunchTests.swift; sourceTree = "<group>"; };
		789EEA8D2BB87C6000B99871 /* NotoSansCJKkr-Medium.otf */ = {isa = PBXFileReference; lastKnownFileType = file; name = "NotoSansCJKkr-Medium.otf"; path = "../../../../../../../Boostcamp/[Project]OpenList/iOS10-OpenList/client/Projects/OpenList/OpenList/Fonts/NotoSansCJKkr-Medium.otf"; sourceTree = "<group>"; };
		789EEA8E2BB87C6500B99871 /* NotoSansCJKkr-Regular.otf */ = {isa = PBXFileReference; lastKnownFileType = file; name = "NotoSansCJKkr-Regular.otf"; path = "../../../../../../../Boostcamp/[Project]OpenList/iOS10-OpenList/client/Projects/OpenList/OpenList/Fonts/NotoSansCJKkr-Regular.otf"; sourceTree = "<group>"; };
/* End PBXFileReference section */

/* Begin PBXFrameworksBuildPhase section */
		783656622BB8651A004FFA09 /* Frameworks */ = {
			isa = PBXFrameworksBuildPhase;
			buildActionMask = 2147483647;
			files = (
			);
			runOnlyForDeploymentPostprocessing = 0;
		};
		783656782BB8651D004FFA09 /* Frameworks */ = {
			isa = PBXFrameworksBuildPhase;
			buildActionMask = 2147483647;
			files = (
			);
			runOnlyForDeploymentPostprocessing = 0;
		};
		783656822BB8651D004FFA09 /* Frameworks */ = {
			isa = PBXFrameworksBuildPhase;
			buildActionMask = 2147483647;
			files = (
			);
			runOnlyForDeploymentPostprocessing = 0;
		};
/* End PBXFrameworksBuildPhase section */

/* Begin PBXGroup section */
		7836565C2BB8651A004FFA09 = {
			isa = PBXGroup;
			children = (
				783656672BB8651A004FFA09 /* Allecords */,
				7836567E2BB8651D004FFA09 /* AllecordsTests */,
				783656882BB8651D004FFA09 /* AllecordsUITests */,
				783656662BB8651A004FFA09 /* Products */,
			);
			sourceTree = "<group>";
		};
		783656662BB8651A004FFA09 /* Products */ = {
			isa = PBXGroup;
			children = (
				783656652BB8651A004FFA09 /* Allecords.app */,
				7836567B2BB8651D004FFA09 /* AllecordsTests.xctest */,
				783656852BB8651D004FFA09 /* AllecordsUITests.xctest */,
			);
			name = Products;
			sourceTree = "<group>";
		};
		783656672BB8651A004FFA09 /* Allecords */ = {
			isa = PBXGroup;
			children = (
				789EEA8A2BB8794100B99871 /* App */,
				7836566C2BB8651A004FFA09 /* ViewController.swift */,
			);
			path = Allecords;
			sourceTree = "<group>";
		};
		7836567E2BB8651D004FFA09 /* AllecordsTests */ = {
			isa = PBXGroup;
			children = (
				7836567F2BB8651D004FFA09 /* AllecordsTests.swift */,
			);
			path = AllecordsTests;
			sourceTree = "<group>";
		};
		783656882BB8651D004FFA09 /* AllecordsUITests */ = {
			isa = PBXGroup;
			children = (
				783656892BB8651D004FFA09 /* AllecordsUITests.swift */,
				7836568B2BB8651D004FFA09 /* AllecordsUITestsLaunchTests.swift */,
			);
			path = AllecordsUITests;
			sourceTree = "<group>";
		};
		789EEA8A2BB8794100B99871 /* App */ = {
			isa = PBXGroup;
			children = (
				783656682BB8651A004FFA09 /* AppDelegate.swift */,
				7836566A2BB8651A004FFA09 /* SceneDelegate.swift */,
				789EEA8B2BB8797800B99871 /* Resources */,
			);
			path = App;
			sourceTree = "<group>";
		};
		789EEA8B2BB8797800B99871 /* Resources */ = {
			isa = PBXGroup;
			children = (
				783656762BB8651D004FFA09 /* Info.plist */,
				783656712BB8651D004FFA09 /* Assets.xcassets */,
				789EEA8C2BB87BD400B99871 /* Font */,
			);
			path = Resources;
			sourceTree = "<group>";
		};
		789EEA8C2BB87BD400B99871 /* Font */ = {
			isa = PBXGroup;
			children = (
				789EEA8E2BB87C6500B99871 /* NotoSansCJKkr-Regular.otf */,
				789EEA8D2BB87C6000B99871 /* NotoSansCJKkr-Medium.otf */,
			);
			path = Font;
			sourceTree = "<group>";
		};
/* End PBXGroup section */

/* Begin PBXNativeTarget section */
		783656642BB8651A004FFA09 /* Allecords */ = {
			isa = PBXNativeTarget;
			buildConfigurationList = 7836568F2BB8651D004FFA09 /* Build configuration list for PBXNativeTarget "Allecords" */;
			buildPhases = (
				783656612BB8651A004FFA09 /* Sources */,
				783656622BB8651A004FFA09 /* Frameworks */,
				783656632BB8651A004FFA09 /* Resources */,
			);
			buildRules = (
			);
			dependencies = (
			);
			name = Allecords;
			productName = Allecords;
			productReference = 783656652BB8651A004FFA09 /* Allecords.app */;
			productType = "com.apple.product-type.application";
		};
		7836567A2BB8651D004FFA09 /* AllecordsTests */ = {
			isa = PBXNativeTarget;
			buildConfigurationList = 783656922BB8651D004FFA09 /* Build configuration list for PBXNativeTarget "AllecordsTests" */;
			buildPhases = (
				783656772BB8651D004FFA09 /* Sources */,
				783656782BB8651D004FFA09 /* Frameworks */,
				783656792BB8651D004FFA09 /* Resources */,
			);
			buildRules = (
			);
			dependencies = (
				7836567D2BB8651D004FFA09 /* PBXTargetDependency */,
			);
			name = AllecordsTests;
			productName = AllecordsTests;
			productReference = 7836567B2BB8651D004FFA09 /* AllecordsTests.xctest */;
			productType = "com.apple.product-type.bundle.unit-test";
		};
		783656842BB8651D004FFA09 /* AllecordsUITests */ = {
			isa = PBXNativeTarget;
			buildConfigurationList = 783656952BB8651D004FFA09 /* Build configuration list for PBXNativeTarget "AllecordsUITests" */;
			buildPhases = (
				783656812BB8651D004FFA09 /* Sources */,
				783656822BB8651D004FFA09 /* Frameworks */,
				783656832BB8651D004FFA09 /* Resources */,
			);
			buildRules = (
			);
			dependencies = (
				783656872BB8651D004FFA09 /* PBXTargetDependency */,
			);
			name = AllecordsUITests;
			productName = AllecordsUITests;
			productReference = 783656852BB8651D004FFA09 /* AllecordsUITests.xctest */;
			productType = "com.apple.product-type.bundle.ui-testing";
		};
/* End PBXNativeTarget section */

/* Begin PBXProject section */
		7836565D2BB8651A004FFA09 /* Project object */ = {
			isa = PBXProject;
			attributes = {
				BuildIndependentTargetsInParallel = 1;
				LastSwiftUpdateCheck = 1500;
				LastUpgradeCheck = 1500;
				TargetAttributes = {
					783656642BB8651A004FFA09 = {
						CreatedOnToolsVersion = 15.0;
					};
					7836567A2BB8651D004FFA09 = {
						CreatedOnToolsVersion = 15.0;
						TestTargetID = 783656642BB8651A004FFA09;
					};
					783656842BB8651D004FFA09 = {
						CreatedOnToolsVersion = 15.0;
						TestTargetID = 783656642BB8651A004FFA09;
					};
				};
			};
			buildConfigurationList = 783656602BB8651A004FFA09 /* Build configuration list for PBXProject "Allecords" */;
			compatibilityVersion = "Xcode 14.0";
			developmentRegion = en;
			hasScannedForEncodings = 0;
			knownRegions = (
				en,
				Base,
			);
			mainGroup = 7836565C2BB8651A004FFA09;
			productRefGroup = 783656662BB8651A004FFA09 /* Products */;
			projectDirPath = "";
			projectRoot = "";
			targets = (
				783656642BB8651A004FFA09 /* Allecords */,
				7836567A2BB8651D004FFA09 /* AllecordsTests */,
				783656842BB8651D004FFA09 /* AllecordsUITests */,
			);
		};
/* End PBXProject section */

/* Begin PBXResourcesBuildPhase section */
		783656632BB8651A004FFA09 /* Resources */ = {
			isa = PBXResourcesBuildPhase;
			buildActionMask = 2147483647;
			files = (
				783656722BB8651D004FFA09 /* Assets.xcassets in Resources */,
			);
			runOnlyForDeploymentPostprocessing = 0;
		};
		783656792BB8651D004FFA09 /* Resources */ = {
			isa = PBXResourcesBuildPhase;
			buildActionMask = 2147483647;
			files = (
			);
			runOnlyForDeploymentPostprocessing = 0;
		};
		783656832BB8651D004FFA09 /* Resources */ = {
			isa = PBXResourcesBuildPhase;
			buildActionMask = 2147483647;
			files = (
			);
			runOnlyForDeploymentPostprocessing = 0;
		};
/* End PBXResourcesBuildPhase section */

/* Begin PBXSourcesBuildPhase section */
		783656612BB8651A004FFA09 /* Sources */ = {
			isa = PBXSourcesBuildPhase;
			buildActionMask = 2147483647;
			files = (
				7836566D2BB8651A004FFA09 /* ViewController.swift in Sources */,
				783656692BB8651A004FFA09 /* AppDelegate.swift in Sources */,
				7836566B2BB8651A004FFA09 /* SceneDelegate.swift in Sources */,
			);
			runOnlyForDeploymentPostprocessing = 0;
		};
		783656772BB8651D004FFA09 /* Sources */ = {
			isa = PBXSourcesBuildPhase;
			buildActionMask = 2147483647;
			files = (
				783656802BB8651D004FFA09 /* AllecordsTests.swift in Sources */,
			);
			runOnlyForDeploymentPostprocessing = 0;
		};
		783656812BB8651D004FFA09 /* Sources */ = {
			isa = PBXSourcesBuildPhase;
			buildActionMask = 2147483647;
			files = (
				7836568C2BB8651D004FFA09 /* AllecordsUITestsLaunchTests.swift in Sources */,
				7836568A2BB8651D004FFA09 /* AllecordsUITests.swift in Sources */,
			);
			runOnlyForDeploymentPostprocessing = 0;
		};
/* End PBXSourcesBuildPhase section */

/* Begin PBXTargetDependency section */
		7836567D2BB8651D004FFA09 /* PBXTargetDependency */ = {
			isa = PBXTargetDependency;
			target = 783656642BB8651A004FFA09 /* Allecords */;
			targetProxy = 7836567C2BB8651D004FFA09 /* PBXContainerItemProxy */;
		};
		783656872BB8651D004FFA09 /* PBXTargetDependency */ = {
			isa = PBXTargetDependency;
			target = 783656642BB8651A004FFA09 /* Allecords */;
			targetProxy = 783656862BB8651D004FFA09 /* PBXContainerItemProxy */;
		};
/* End PBXTargetDependency section */

/* Begin XCBuildConfiguration section */
		7836568D2BB8651D004FFA09 /* Debug */ = {
			isa = XCBuildConfiguration;
			buildSettings = {
				ALWAYS_SEARCH_USER_PATHS = NO;
				ASSETCATALOG_COMPILER_GENERATE_SWIFT_ASSET_SYMBOL_EXTENSIONS = YES;
				CLANG_ANALYZER_NONNULL = YES;
				CLANG_ANALYZER_NUMBER_OBJECT_CONVERSION = YES_AGGRESSIVE;
				CLANG_CXX_LANGUAGE_STANDARD = "gnu++20";
				CLANG_ENABLE_MODULES = YES;
				CLANG_ENABLE_OBJC_ARC = YES;
				CLANG_ENABLE_OBJC_WEAK = YES;
				CLANG_WARN_BLOCK_CAPTURE_AUTORELEASING = YES;
				CLANG_WARN_BOOL_CONVERSION = YES;
				CLANG_WARN_COMMA = YES;
				CLANG_WARN_CONSTANT_CONVERSION = YES;
				CLANG_WARN_DEPRECATED_OBJC_IMPLEMENTATIONS = YES;
				CLANG_WARN_DIRECT_OBJC_ISA_USAGE = YES_ERROR;
				CLANG_WARN_DOCUMENTATION_COMMENTS = YES;
				CLANG_WARN_EMPTY_BODY = YES;
				CLANG_WARN_ENUM_CONVERSION = YES;
				CLANG_WARN_INFINITE_RECURSION = YES;
				CLANG_WARN_INT_CONVERSION = YES;
				CLANG_WARN_NON_LITERAL_NULL_CONVERSION = YES;
				CLANG_WARN_OBJC_IMPLICIT_RETAIN_SELF = YES;
				CLANG_WARN_OBJC_LITERAL_CONVERSION = YES;
				CLANG_WARN_OBJC_ROOT_CLASS = YES_ERROR;
				CLANG_WARN_QUOTED_INCLUDE_IN_FRAMEWORK_HEADER = YES;
				CLANG_WARN_RANGE_LOOP_ANALYSIS = YES;
				CLANG_WARN_STRICT_PROTOTYPES = YES;
				CLANG_WARN_SUSPICIOUS_MOVE = YES;
				CLANG_WARN_UNGUARDED_AVAILABILITY = YES_AGGRESSIVE;
				CLANG_WARN_UNREACHABLE_CODE = YES;
				CLANG_WARN__DUPLICATE_METHOD_MATCH = YES;
				COPY_PHASE_STRIP = NO;
				DEBUG_INFORMATION_FORMAT = dwarf;
				ENABLE_STRICT_OBJC_MSGSEND = YES;
				ENABLE_TESTABILITY = YES;
				ENABLE_USER_SCRIPT_SANDBOXING = YES;
				GCC_C_LANGUAGE_STANDARD = gnu17;
				GCC_DYNAMIC_NO_PIC = NO;
				GCC_NO_COMMON_BLOCKS = YES;
				GCC_OPTIMIZATION_LEVEL = 0;
				GCC_PREPROCESSOR_DEFINITIONS = (
					"DEBUG=1",
					"$(inherited)",
				);
				GCC_WARN_64_TO_32_BIT_CONVERSION = YES;
				GCC_WARN_ABOUT_RETURN_TYPE = YES_ERROR;
				GCC_WARN_UNDECLARED_SELECTOR = YES;
				GCC_WARN_UNINITIALIZED_AUTOS = YES_AGGRESSIVE;
				GCC_WARN_UNUSED_FUNCTION = YES;
				GCC_WARN_UNUSED_VARIABLE = YES;
				IPHONEOS_DEPLOYMENT_TARGET = 16.0;
				LOCALIZATION_PREFERS_STRING_CATALOGS = YES;
				MTL_ENABLE_DEBUG_INFO = INCLUDE_SOURCE;
				MTL_FAST_MATH = YES;
				ONLY_ACTIVE_ARCH = YES;
				SDKROOT = iphoneos;
				SWIFT_ACTIVE_COMPILATION_CONDITIONS = "DEBUG $(inherited)";
				SWIFT_OPTIMIZATION_LEVEL = "-Onone";
			};
			name = Debug;
		};
		7836568E2BB8651D004FFA09 /* Release */ = {
			isa = XCBuildConfiguration;
			buildSettings = {
				ALWAYS_SEARCH_USER_PATHS = NO;
				ASSETCATALOG_COMPILER_GENERATE_SWIFT_ASSET_SYMBOL_EXTENSIONS = YES;
				CLANG_ANALYZER_NONNULL = YES;
				CLANG_ANALYZER_NUMBER_OBJECT_CONVERSION = YES_AGGRESSIVE;
				CLANG_CXX_LANGUAGE_STANDARD = "gnu++20";
				CLANG_ENABLE_MODULES = YES;
				CLANG_ENABLE_OBJC_ARC = YES;
				CLANG_ENABLE_OBJC_WEAK = YES;
				CLANG_WARN_BLOCK_CAPTURE_AUTORELEASING = YES;
				CLANG_WARN_BOOL_CONVERSION = YES;
				CLANG_WARN_COMMA = YES;
				CLANG_WARN_CONSTANT_CONVERSION = YES;
				CLANG_WARN_DEPRECATED_OBJC_IMPLEMENTATIONS = YES;
				CLANG_WARN_DIRECT_OBJC_ISA_USAGE = YES_ERROR;
				CLANG_WARN_DOCUMENTATION_COMMENTS = YES;
				CLANG_WARN_EMPTY_BODY = YES;
				CLANG_WARN_ENUM_CONVERSION = YES;
				CLANG_WARN_INFINITE_RECURSION = YES;
				CLANG_WARN_INT_CONVERSION = YES;
				CLANG_WARN_NON_LITERAL_NULL_CONVERSION = YES;
				CLANG_WARN_OBJC_IMPLICIT_RETAIN_SELF = YES;
				CLANG_WARN_OBJC_LITERAL_CONVERSION = YES;
				CLANG_WARN_OBJC_ROOT_CLASS = YES_ERROR;
				CLANG_WARN_QUOTED_INCLUDE_IN_FRAMEWORK_HEADER = YES;
				CLANG_WARN_RANGE_LOOP_ANALYSIS = YES;
				CLANG_WARN_STRICT_PROTOTYPES = YES;
				CLANG_WARN_SUSPICIOUS_MOVE = YES;
				CLANG_WARN_UNGUARDED_AVAILABILITY = YES_AGGRESSIVE;
				CLANG_WARN_UNREACHABLE_CODE = YES;
				CLANG_WARN__DUPLICATE_METHOD_MATCH = YES;
				COPY_PHASE_STRIP = NO;
				DEBUG_INFORMATION_FORMAT = "dwarf-with-dsym";
				ENABLE_NS_ASSERTIONS = NO;
				ENABLE_STRICT_OBJC_MSGSEND = YES;
				ENABLE_USER_SCRIPT_SANDBOXING = YES;
				GCC_C_LANGUAGE_STANDARD = gnu17;
				GCC_NO_COMMON_BLOCKS = YES;
				GCC_WARN_64_TO_32_BIT_CONVERSION = YES;
				GCC_WARN_ABOUT_RETURN_TYPE = YES_ERROR;
				GCC_WARN_UNDECLARED_SELECTOR = YES;
				GCC_WARN_UNINITIALIZED_AUTOS = YES_AGGRESSIVE;
				GCC_WARN_UNUSED_FUNCTION = YES;
				GCC_WARN_UNUSED_VARIABLE = YES;
				IPHONEOS_DEPLOYMENT_TARGET = 16.0;
				LOCALIZATION_PREFERS_STRING_CATALOGS = YES;
				MTL_ENABLE_DEBUG_INFO = NO;
				MTL_FAST_MATH = YES;
				SDKROOT = iphoneos;
				SWIFT_COMPILATION_MODE = wholemodule;
				VALIDATE_PRODUCT = YES;
			};
			name = Release;
		};
		783656902BB8651D004FFA09 /* Debug */ = {
			isa = XCBuildConfiguration;
			buildSettings = {
				ASSETCATALOG_COMPILER_APPICON_NAME = AppIcon;
				ASSETCATALOG_COMPILER_GLOBAL_ACCENT_COLOR_NAME = AccentColor;
				CODE_SIGN_STYLE = Automatic;
				CURRENT_PROJECT_VERSION = 1;
				DEVELOPMENT_TEAM = 3ZYNC2J93W;
				GENERATE_INFOPLIST_FILE = YES;
				INFOPLIST_FILE = Allecords/Info.plist;
				INFOPLIST_KEY_UIApplicationSupportsIndirectInputEvents = YES;
				INFOPLIST_KEY_UILaunchStoryboardName = LaunchScreen;
				INFOPLIST_KEY_UISupportedInterfaceOrientations = UIInterfaceOrientationPortrait;
				INFOPLIST_KEY_UISupportedInterfaceOrientations_iPad = "UIInterfaceOrientationLandscapeLeft UIInterfaceOrientationLandscapeRight UIInterfaceOrientationPortrait UIInterfaceOrientationPortraitUpsideDown";
				IPHONEOS_DEPLOYMENT_TARGET = 16.0;
				LD_RUNPATH_SEARCH_PATHS = (
					"$(inherited)",
					"@executable_path/Frameworks",
				);
				MARKETING_VERSION = 1.0;
				PRODUCT_BUNDLE_IDENTIFIER = Allecords.Allecords;
				PRODUCT_NAME = "$(TARGET_NAME)";
				SUPPORTED_PLATFORMS = "iphoneos iphonesimulator";
				SUPPORTS_MACCATALYST = NO;
				SUPPORTS_MAC_DESIGNED_FOR_IPHONE_IPAD = NO;
				SWIFT_EMIT_LOC_STRINGS = YES;
				SWIFT_VERSION = 5.0;
				TARGETED_DEVICE_FAMILY = 1;
			};
			name = Debug;
		};
		783656912BB8651D004FFA09 /* Release */ = {
			isa = XCBuildConfiguration;
			buildSettings = {
				ASSETCATALOG_COMPILER_APPICON_NAME = AppIcon;
				ASSETCATALOG_COMPILER_GLOBAL_ACCENT_COLOR_NAME = AccentColor;
				CODE_SIGN_STYLE = Automatic;
				CURRENT_PROJECT_VERSION = 1;
				DEVELOPMENT_TEAM = 3ZYNC2J93W;
				GENERATE_INFOPLIST_FILE = YES;
				INFOPLIST_FILE = Allecords/Info.plist;
				INFOPLIST_KEY_UIApplicationSupportsIndirectInputEvents = YES;
				INFOPLIST_KEY_UILaunchStoryboardName = LaunchScreen;
				INFOPLIST_KEY_UISupportedInterfaceOrientations = UIInterfaceOrientationPortrait;
				INFOPLIST_KEY_UISupportedInterfaceOrientations_iPad = "UIInterfaceOrientationLandscapeLeft UIInterfaceOrientationLandscapeRight UIInterfaceOrientationPortrait UIInterfaceOrientationPortraitUpsideDown";
				IPHONEOS_DEPLOYMENT_TARGET = 16.0;
				LD_RUNPATH_SEARCH_PATHS = (
					"$(inherited)",
					"@executable_path/Frameworks",
				);
				MARKETING_VERSION = 1.0;
				PRODUCT_BUNDLE_IDENTIFIER = Allecords.Allecords;
				PRODUCT_NAME = "$(TARGET_NAME)";
				SUPPORTED_PLATFORMS = "iphoneos iphonesimulator";
				SUPPORTS_MACCATALYST = NO;
				SUPPORTS_MAC_DESIGNED_FOR_IPHONE_IPAD = NO;
				SWIFT_EMIT_LOC_STRINGS = YES;
				SWIFT_VERSION = 5.0;
				TARGETED_DEVICE_FAMILY = 1;
			};
			name = Release;
		};
		783656932BB8651D004FFA09 /* Debug */ = {
			isa = XCBuildConfiguration;
			buildSettings = {
				ALWAYS_EMBED_SWIFT_STANDARD_LIBRARIES = YES;
				BUNDLE_LOADER = "$(TEST_HOST)";
				CODE_SIGN_STYLE = Automatic;
				CURRENT_PROJECT_VERSION = 1;
				DEVELOPMENT_TEAM = 3ZYNC2J93W;
				GENERATE_INFOPLIST_FILE = YES;
				IPHONEOS_DEPLOYMENT_TARGET = 17.0;
				MARKETING_VERSION = 1.0;
				PRODUCT_BUNDLE_IDENTIFIER = Allecords.AllecordsTests;
				PRODUCT_NAME = "$(TARGET_NAME)";
				SWIFT_EMIT_LOC_STRINGS = NO;
				SWIFT_VERSION = 5.0;
				TARGETED_DEVICE_FAMILY = "1,2";
				TEST_HOST = "$(BUILT_PRODUCTS_DIR)/Allecords.app/$(BUNDLE_EXECUTABLE_FOLDER_PATH)/Allecords";
			};
			name = Debug;
		};
		783656942BB8651D004FFA09 /* Release */ = {
			isa = XCBuildConfiguration;
			buildSettings = {
				ALWAYS_EMBED_SWIFT_STANDARD_LIBRARIES = YES;
				BUNDLE_LOADER = "$(TEST_HOST)";
				CODE_SIGN_STYLE = Automatic;
				CURRENT_PROJECT_VERSION = 1;
				DEVELOPMENT_TEAM = 3ZYNC2J93W;
				GENERATE_INFOPLIST_FILE = YES;
				IPHONEOS_DEPLOYMENT_TARGET = 17.0;
				MARKETING_VERSION = 1.0;
				PRODUCT_BUNDLE_IDENTIFIER = Allecords.AllecordsTests;
				PRODUCT_NAME = "$(TARGET_NAME)";
				SWIFT_EMIT_LOC_STRINGS = NO;
				SWIFT_VERSION = 5.0;
				TARGETED_DEVICE_FAMILY = "1,2";
				TEST_HOST = "$(BUILT_PRODUCTS_DIR)/Allecords.app/$(BUNDLE_EXECUTABLE_FOLDER_PATH)/Allecords";
			};
			name = Release;
		};
		783656962BB8651D004FFA09 /* Debug */ = {
			isa = XCBuildConfiguration;
			buildSettings = {
				ALWAYS_EMBED_SWIFT_STANDARD_LIBRARIES = YES;
				CODE_SIGN_STYLE = Automatic;
				CURRENT_PROJECT_VERSION = 1;
				DEVELOPMENT_TEAM = 3ZYNC2J93W;
				GENERATE_INFOPLIST_FILE = YES;
				MARKETING_VERSION = 1.0;
				PRODUCT_BUNDLE_IDENTIFIER = Allecords.AllecordsUITests;
				PRODUCT_NAME = "$(TARGET_NAME)";
				SWIFT_EMIT_LOC_STRINGS = NO;
				SWIFT_VERSION = 5.0;
				TARGETED_DEVICE_FAMILY = "1,2";
				TEST_TARGET_NAME = Allecords;
			};
			name = Debug;
		};
		783656972BB8651D004FFA09 /* Release */ = {
			isa = XCBuildConfiguration;
			buildSettings = {
				ALWAYS_EMBED_SWIFT_STANDARD_LIBRARIES = YES;
				CODE_SIGN_STYLE = Automatic;
				CURRENT_PROJECT_VERSION = 1;
				DEVELOPMENT_TEAM = 3ZYNC2J93W;
				GENERATE_INFOPLIST_FILE = YES;
				MARKETING_VERSION = 1.0;
				PRODUCT_BUNDLE_IDENTIFIER = Allecords.AllecordsUITests;
				PRODUCT_NAME = "$(TARGET_NAME)";
				SWIFT_EMIT_LOC_STRINGS = NO;
				SWIFT_VERSION = 5.0;
				TARGETED_DEVICE_FAMILY = "1,2";
				TEST_TARGET_NAME = Allecords;
			};
			name = Release;
		};
/* End XCBuildConfiguration section */

/* Begin XCConfigurationList section */
		783656602BB8651A004FFA09 /* Build configuration list for PBXProject "Allecords" */ = {
			isa = XCConfigurationList;
			buildConfigurations = (
				7836568D2BB8651D004FFA09 /* Debug */,
				7836568E2BB8651D004FFA09 /* Release */,
			);
			defaultConfigurationIsVisible = 0;
			defaultConfigurationName = Release;
		};
		7836568F2BB8651D004FFA09 /* Build configuration list for PBXNativeTarget "Allecords" */ = {
			isa = XCConfigurationList;
			buildConfigurations = (
				783656902BB8651D004FFA09 /* Debug */,
				783656912BB8651D004FFA09 /* Release */,
			);
			defaultConfigurationIsVisible = 0;
			defaultConfigurationName = Release;
		};
		783656922BB8651D004FFA09 /* Build configuration list for PBXNativeTarget "AllecordsTests" */ = {
			isa = XCConfigurationList;
			buildConfigurations = (
				783656932BB8651D004FFA09 /* Debug */,
				783656942BB8651D004FFA09 /* Release */,
			);
			defaultConfigurationIsVisible = 0;
			defaultConfigurationName = Release;
		};
		783656952BB8651D004FFA09 /* Build configuration list for PBXNativeTarget "AllecordsUITests" */ = {
			isa = XCConfigurationList;
			buildConfigurations = (
				783656962BB8651D004FFA09 /* Debug */,
				783656972BB8651D004FFA09 /* Release */,
			);
			defaultConfigurationIsVisible = 0;
			defaultConfigurationName = Release;
		};
/* End XCConfigurationList section */
	};
	rootObject = 7836565D2BB8651A004FFA09 /* Project object */;
}
