// !$*UTF8*$!
{
	archiveVersion = 1;
	classes = {
	};
	objectVersion = 56;
	objects = {

/* Begin PBXBuildFile section */
		789EEA6C2BB8759F00B99871 /* NetworkService.swift in Sources */ = {isa = PBXBuildFile; fileRef = 789EEA6B2BB8759F00B99871 /* NetworkService.swift */; };
		789EEA6E2BB875B100B99871 /* NetworkError.swift in Sources */ = {isa = PBXBuildFile; fileRef = 789EEA6D2BB875B100B99871 /* NetworkError.swift */; };
		789EEA702BB875BF00B99871 /* URLRequestBuilder.swift in Sources */ = {isa = PBXBuildFile; fileRef = 789EEA6F2BB875BF00B99871 /* URLRequestBuilder.swift */; };
		789EEA722BB875CF00B99871 /* RequestRetrier.swift in Sources */ = {isa = PBXBuildFile; fileRef = 789EEA712BB875CF00B99871 /* RequestRetrier.swift */; };
		789EEA742BB875EF00B99871 /* RequestInterceptor.swift in Sources */ = {isa = PBXBuildFile; fileRef = 789EEA732BB875EF00B99871 /* RequestInterceptor.swift */; };
		789EEA762BB875FD00B99871 /* CustomSession.swift in Sources */ = {isa = PBXBuildFile; fileRef = 789EEA752BB875FD00B99871 /* CustomSession.swift */; };
		789EEA7E2BB8763200B99871 /* AllecordsNetworkTests.swift in Sources */ = {isa = PBXBuildFile; fileRef = 789EEA7D2BB8763200B99871 /* AllecordsNetworkTests.swift */; };
		789EEA7F2BB8763200B99871 /* libAllecordsNetwork.a in Frameworks */ = {isa = PBXBuildFile; fileRef = 789EEA602BB8748800B99871 /* libAllecordsNetwork.a */; };
		789EEA872BB8765F00B99871 /* MockURLProtocol.swift in Sources */ = {isa = PBXBuildFile; fileRef = 789EEA862BB8765F00B99871 /* MockURLProtocol.swift */; };
/* End PBXBuildFile section */

/* Begin PBXContainerItemProxy section */
		789EEA802BB8763200B99871 /* PBXContainerItemProxy */ = {
			isa = PBXContainerItemProxy;
			containerPortal = 789EEA582BB8748800B99871 /* Project object */;
			proxyType = 1;
			remoteGlobalIDString = 789EEA5F2BB8748800B99871;
			remoteInfo = AllecordsNetwork;
		};
/* End PBXContainerItemProxy section */

/* Begin PBXCopyFilesBuildPhase section */
		789EEA5E2BB8748800B99871 /* CopyFiles */ = {
			isa = PBXCopyFilesBuildPhase;
			buildActionMask = 2147483647;
			dstPath = "include/$(PRODUCT_NAME)";
			dstSubfolderSpec = 16;
			files = (
			);
			runOnlyForDeploymentPostprocessing = 0;
		};
/* End PBXCopyFilesBuildPhase section */

/* Begin PBXFileReference section */
		789EEA602BB8748800B99871 /* libAllecordsNetwork.a */ = {isa = PBXFileReference; explicitFileType = archive.ar; includeInIndex = 0; path = libAllecordsNetwork.a; sourceTree = BUILT_PRODUCTS_DIR; };
		789EEA6A2BB8759F00B99871 /* AllecordsNetwork-Bridging-Header.h */ = {isa = PBXFileReference; lastKnownFileType = sourcecode.c.h; path = "AllecordsNetwork-Bridging-Header.h"; sourceTree = "<group>"; };
		789EEA6B2BB8759F00B99871 /* NetworkService.swift */ = {isa = PBXFileReference; lastKnownFileType = sourcecode.swift; path = NetworkService.swift; sourceTree = "<group>"; };
		789EEA6D2BB875B100B99871 /* NetworkError.swift */ = {isa = PBXFileReference; lastKnownFileType = sourcecode.swift; path = NetworkError.swift; sourceTree = "<group>"; };
		789EEA6F2BB875BF00B99871 /* URLRequestBuilder.swift */ = {isa = PBXFileReference; lastKnownFileType = sourcecode.swift; path = URLRequestBuilder.swift; sourceTree = "<group>"; };
		789EEA712BB875CF00B99871 /* RequestRetrier.swift */ = {isa = PBXFileReference; lastKnownFileType = sourcecode.swift; path = RequestRetrier.swift; sourceTree = "<group>"; };
		789EEA732BB875EF00B99871 /* RequestInterceptor.swift */ = {isa = PBXFileReference; lastKnownFileType = sourcecode.swift; path = RequestInterceptor.swift; sourceTree = "<group>"; };
		789EEA752BB875FD00B99871 /* CustomSession.swift */ = {isa = PBXFileReference; lastKnownFileType = sourcecode.swift; path = CustomSession.swift; sourceTree = "<group>"; };
		789EEA7B2BB8763100B99871 /* AllecordsNetworkTests.xctest */ = {isa = PBXFileReference; explicitFileType = wrapper.cfbundle; includeInIndex = 0; path = AllecordsNetworkTests.xctest; sourceTree = BUILT_PRODUCTS_DIR; };
		789EEA7D2BB8763200B99871 /* AllecordsNetworkTests.swift */ = {isa = PBXFileReference; lastKnownFileType = sourcecode.swift; path = AllecordsNetworkTests.swift; sourceTree = "<group>"; };
		789EEA862BB8765F00B99871 /* MockURLProtocol.swift */ = {isa = PBXFileReference; lastKnownFileType = sourcecode.swift; path = MockURLProtocol.swift; sourceTree = "<group>"; };
/* End PBXFileReference section */

/* Begin PBXFrameworksBuildPhase section */
		789EEA5D2BB8748800B99871 /* Frameworks */ = {
			isa = PBXFrameworksBuildPhase;
			buildActionMask = 2147483647;
			files = (
			);
			runOnlyForDeploymentPostprocessing = 0;
		};
		789EEA782BB8763100B99871 /* Frameworks */ = {
			isa = PBXFrameworksBuildPhase;
			buildActionMask = 2147483647;
			files = (
				789EEA7F2BB8763200B99871 /* libAllecordsNetwork.a in Frameworks */,
			);
			runOnlyForDeploymentPostprocessing = 0;
		};
/* End PBXFrameworksBuildPhase section */

/* Begin PBXGroup section */
		789EEA572BB8748800B99871 = {
			isa = PBXGroup;
			children = (
				789EEA622BB8748800B99871 /* AllecordsNetwork */,
				789EEA7C2BB8763200B99871 /* AllecordsNetworkTests */,
				789EEA612BB8748800B99871 /* Products */,
			);
			sourceTree = "<group>";
		};
		789EEA612BB8748800B99871 /* Products */ = {
			isa = PBXGroup;
			children = (
				789EEA602BB8748800B99871 /* libAllecordsNetwork.a */,
				789EEA7B2BB8763100B99871 /* AllecordsNetworkTests.xctest */,
			);
			name = Products;
			sourceTree = "<group>";
		};
		789EEA622BB8748800B99871 /* AllecordsNetwork */ = {
			isa = PBXGroup;
			children = (
				789EEA6B2BB8759F00B99871 /* NetworkService.swift */,
				789EEA6D2BB875B100B99871 /* NetworkError.swift */,
				789EEA6F2BB875BF00B99871 /* URLRequestBuilder.swift */,
				789EEA732BB875EF00B99871 /* RequestInterceptor.swift */,
				789EEA752BB875FD00B99871 /* CustomSession.swift */,
				789EEA712BB875CF00B99871 /* RequestRetrier.swift */,
				789EEA6A2BB8759F00B99871 /* AllecordsNetwork-Bridging-Header.h */,
			);
			path = AllecordsNetwork;
			sourceTree = "<group>";
		};
		789EEA7C2BB8763200B99871 /* AllecordsNetworkTests */ = {
			isa = PBXGroup;
			children = (
				789EEA852BB8764B00B99871 /* Mock */,
				789EEA7D2BB8763200B99871 /* AllecordsNetworkTests.swift */,
			);
			path = AllecordsNetworkTests;
			sourceTree = "<group>";
		};
		789EEA852BB8764B00B99871 /* Mock */ = {
			isa = PBXGroup;
			children = (
				789EEA862BB8765F00B99871 /* MockURLProtocol.swift */,
			);
			path = Mock;
			sourceTree = "<group>";
		};
/* End PBXGroup section */

/* Begin PBXNativeTarget section */
		789EEA5F2BB8748800B99871 /* AllecordsNetwork */ = {
			isa = PBXNativeTarget;
			buildConfigurationList = 789EEA672BB8748800B99871 /* Build configuration list for PBXNativeTarget "AllecordsNetwork" */;
			buildPhases = (
				789EEA5C2BB8748800B99871 /* Sources */,
				789EEA5D2BB8748800B99871 /* Frameworks */,
				789EEA5E2BB8748800B99871 /* CopyFiles */,
			);
			buildRules = (
			);
			dependencies = (
			);
			name = AllecordsNetwork;
			productName = AllecordsNetwork;
			productReference = 789EEA602BB8748800B99871 /* libAllecordsNetwork.a */;
			productType = "com.apple.product-type.library.static";
		};
		789EEA7A2BB8763100B99871 /* AllecordsNetworkTests */ = {
			isa = PBXNativeTarget;
			buildConfigurationList = 789EEA822BB8763200B99871 /* Build configuration list for PBXNativeTarget "AllecordsNetworkTests" */;
			buildPhases = (
				789EEA772BB8763100B99871 /* Sources */,
				789EEA782BB8763100B99871 /* Frameworks */,
				789EEA792BB8763100B99871 /* Resources */,
			);
			buildRules = (
			);
			dependencies = (
				789EEA812BB8763200B99871 /* PBXTargetDependency */,
			);
			name = AllecordsNetworkTests;
			productName = AllecordsNetworkTests;
			productReference = 789EEA7B2BB8763100B99871 /* AllecordsNetworkTests.xctest */;
			productType = "com.apple.product-type.bundle.unit-test";
		};
/* End PBXNativeTarget section */

/* Begin PBXProject section */
		789EEA582BB8748800B99871 /* Project object */ = {
			isa = PBXProject;
			attributes = {
				BuildIndependentTargetsInParallel = 1;
				LastSwiftUpdateCheck = 1500;
				LastUpgradeCheck = 1500;
				TargetAttributes = {
					789EEA5F2BB8748800B99871 = {
						CreatedOnToolsVersion = 15.0;
						LastSwiftMigration = 1500;
					};
					789EEA7A2BB8763100B99871 = {
						CreatedOnToolsVersion = 15.0;
					};
				};
			};
			buildConfigurationList = 789EEA5B2BB8748800B99871 /* Build configuration list for PBXProject "AllecordsNetwork" */;
			compatibilityVersion = "Xcode 14.0";
			developmentRegion = en;
			hasScannedForEncodings = 0;
			knownRegions = (
				en,
				Base,
			);
			mainGroup = 789EEA572BB8748800B99871;
			productRefGroup = 789EEA612BB8748800B99871 /* Products */;
			projectDirPath = "";
			projectRoot = "";
			targets = (
				789EEA5F2BB8748800B99871 /* AllecordsNetwork */,
				789EEA7A2BB8763100B99871 /* AllecordsNetworkTests */,
			);
		};
/* End PBXProject section */

/* Begin PBXResourcesBuildPhase section */
		789EEA792BB8763100B99871 /* Resources */ = {
			isa = PBXResourcesBuildPhase;
			buildActionMask = 2147483647;
			files = (
			);
			runOnlyForDeploymentPostprocessing = 0;
		};
/* End PBXResourcesBuildPhase section */

/* Begin PBXSourcesBuildPhase section */
		789EEA5C2BB8748800B99871 /* Sources */ = {
			isa = PBXSourcesBuildPhase;
			buildActionMask = 2147483647;
			files = (
				789EEA6C2BB8759F00B99871 /* NetworkService.swift in Sources */,
				789EEA762BB875FD00B99871 /* CustomSession.swift in Sources */,
				789EEA722BB875CF00B99871 /* RequestRetrier.swift in Sources */,
				789EEA742BB875EF00B99871 /* RequestInterceptor.swift in Sources */,
				789EEA6E2BB875B100B99871 /* NetworkError.swift in Sources */,
				789EEA702BB875BF00B99871 /* URLRequestBuilder.swift in Sources */,
			);
			runOnlyForDeploymentPostprocessing = 0;
		};
		789EEA772BB8763100B99871 /* Sources */ = {
			isa = PBXSourcesBuildPhase;
			buildActionMask = 2147483647;
			files = (
				789EEA7E2BB8763200B99871 /* AllecordsNetworkTests.swift in Sources */,
				789EEA872BB8765F00B99871 /* MockURLProtocol.swift in Sources */,
			);
			runOnlyForDeploymentPostprocessing = 0;
		};
/* End PBXSourcesBuildPhase section */

/* Begin PBXTargetDependency section */
		789EEA812BB8763200B99871 /* PBXTargetDependency */ = {
			isa = PBXTargetDependency;
			target = 789EEA5F2BB8748800B99871 /* AllecordsNetwork */;
			targetProxy = 789EEA802BB8763200B99871 /* PBXContainerItemProxy */;
		};
/* End PBXTargetDependency section */

/* Begin XCBuildConfiguration section */
		789EEA652BB8748800B99871 /* Debug */ = {
			isa = XCBuildConfiguration;
			buildSettings = {
				ALWAYS_SEARCH_USER_PATHS = NO;
				ASSETCATALOG_COMPILER_GENERATE_SWIFT_ASSET_SYMBOL_EXTENSIONS = YES;
				CLANG_ANALYZER_NONNULL = YES;
				CLANG_ANALYZER_NUMBER_OBJECT_CONVERSION = YES_AGGRESSIVE;
				CLANG_CXX_LANGUAGE_STANDARD = "gnu++20";
				CLANG_ENABLE_MODULES = YES;
				CLANG_ENABLE_OBJC_ARC = YES;
				CLANG_ENABLE_OBJC_WEAK = YES;
				CLANG_WARN_BLOCK_CAPTURE_AUTORELEASING = YES;
				CLANG_WARN_BOOL_CONVERSION = YES;
				CLANG_WARN_COMMA = YES;
				CLANG_WARN_CONSTANT_CONVERSION = YES;
				CLANG_WARN_DEPRECATED_OBJC_IMPLEMENTATIONS = YES;
				CLANG_WARN_DIRECT_OBJC_ISA_USAGE = YES_ERROR;
				CLANG_WARN_DOCUMENTATION_COMMENTS = YES;
				CLANG_WARN_EMPTY_BODY = YES;
				CLANG_WARN_ENUM_CONVERSION = YES;
				CLANG_WARN_INFINITE_RECURSION = YES;
				CLANG_WARN_INT_CONVERSION = YES;
				CLANG_WARN_NON_LITERAL_NULL_CONVERSION = YES;
				CLANG_WARN_OBJC_IMPLICIT_RETAIN_SELF = YES;
				CLANG_WARN_OBJC_LITERAL_CONVERSION = YES;
				CLANG_WARN_OBJC_ROOT_CLASS = YES_ERROR;
				CLANG_WARN_QUOTED_INCLUDE_IN_FRAMEWORK_HEADER = YES;
				CLANG_WARN_RANGE_LOOP_ANALYSIS = YES;
				CLANG_WARN_STRICT_PROTOTYPES = YES;
				CLANG_WARN_SUSPICIOUS_MOVE = YES;
				CLANG_WARN_UNGUARDED_AVAILABILITY = YES_AGGRESSIVE;
				CLANG_WARN_UNREACHABLE_CODE = YES;
				CLANG_WARN__DUPLICATE_METHOD_MATCH = YES;
				COPY_PHASE_STRIP = NO;
				DEBUG_INFORMATION_FORMAT = dwarf;
				ENABLE_STRICT_OBJC_MSGSEND = YES;
				ENABLE_TESTABILITY = YES;
				ENABLE_USER_SCRIPT_SANDBOXING = YES;
				GCC_C_LANGUAGE_STANDARD = gnu17;
				GCC_DYNAMIC_NO_PIC = NO;
				GCC_NO_COMMON_BLOCKS = YES;
				GCC_OPTIMIZATION_LEVEL = 0;
				GCC_PREPROCESSOR_DEFINITIONS = (
					"DEBUG=1",
					"$(inherited)",
				);
				GCC_WARN_64_TO_32_BIT_CONVERSION = YES;
				GCC_WARN_ABOUT_RETURN_TYPE = YES_ERROR;
				GCC_WARN_UNDECLARED_SELECTOR = YES;
				GCC_WARN_UNINITIALIZED_AUTOS = YES_AGGRESSIVE;
				GCC_WARN_UNUSED_FUNCTION = YES;
				GCC_WARN_UNUSED_VARIABLE = YES;
				IPHONEOS_DEPLOYMENT_TARGET = 16.0;
				LOCALIZATION_PREFERS_STRING_CATALOGS = YES;
				MTL_ENABLE_DEBUG_INFO = INCLUDE_SOURCE;
				MTL_FAST_MATH = YES;
				ONLY_ACTIVE_ARCH = YES;
				SDKROOT = iphoneos;
				SWIFT_ACTIVE_COMPILATION_CONDITIONS = "DEBUG $(inherited)";
				SWIFT_OPTIMIZATION_LEVEL = "-Onone";
			};
			name = Debug;
		};
		789EEA662BB8748800B99871 /* Release */ = {
			isa = XCBuildConfiguration;
			buildSettings = {
				ALWAYS_SEARCH_USER_PATHS = NO;
				ASSETCATALOG_COMPILER_GENERATE_SWIFT_ASSET_SYMBOL_EXTENSIONS = YES;
				CLANG_ANALYZER_NONNULL = YES;
				CLANG_ANALYZER_NUMBER_OBJECT_CONVERSION = YES_AGGRESSIVE;
				CLANG_CXX_LANGUAGE_STANDARD = "gnu++20";
				CLANG_ENABLE_MODULES = YES;
				CLANG_ENABLE_OBJC_ARC = YES;
				CLANG_ENABLE_OBJC_WEAK = YES;
				CLANG_WARN_BLOCK_CAPTURE_AUTORELEASING = YES;
				CLANG_WARN_BOOL_CONVERSION = YES;
				CLANG_WARN_COMMA = YES;
				CLANG_WARN_CONSTANT_CONVERSION = YES;
				CLANG_WARN_DEPRECATED_OBJC_IMPLEMENTATIONS = YES;
				CLANG_WARN_DIRECT_OBJC_ISA_USAGE = YES_ERROR;
				CLANG_WARN_DOCUMENTATION_COMMENTS = YES;
				CLANG_WARN_EMPTY_BODY = YES;
				CLANG_WARN_ENUM_CONVERSION = YES;
				CLANG_WARN_INFINITE_RECURSION = YES;
				CLANG_WARN_INT_CONVERSION = YES;
				CLANG_WARN_NON_LITERAL_NULL_CONVERSION = YES;
				CLANG_WARN_OBJC_IMPLICIT_RETAIN_SELF = YES;
				CLANG_WARN_OBJC_LITERAL_CONVERSION = YES;
				CLANG_WARN_OBJC_ROOT_CLASS = YES_ERROR;
				CLANG_WARN_QUOTED_INCLUDE_IN_FRAMEWORK_HEADER = YES;
				CLANG_WARN_RANGE_LOOP_ANALYSIS = YES;
				CLANG_WARN_STRICT_PROTOTYPES = YES;
				CLANG_WARN_SUSPICIOUS_MOVE = YES;
				CLANG_WARN_UNGUARDED_AVAILABILITY = YES_AGGRESSIVE;
				CLANG_WARN_UNREACHABLE_CODE = YES;
				CLANG_WARN__DUPLICATE_METHOD_MATCH = YES;
				COPY_PHASE_STRIP = NO;
				DEBUG_INFORMATION_FORMAT = "dwarf-with-dsym";
				ENABLE_NS_ASSERTIONS = NO;
				ENABLE_STRICT_OBJC_MSGSEND = YES;
				ENABLE_USER_SCRIPT_SANDBOXING = YES;
				GCC_C_LANGUAGE_STANDARD = gnu17;
				GCC_NO_COMMON_BLOCKS = YES;
				GCC_WARN_64_TO_32_BIT_CONVERSION = YES;
				GCC_WARN_ABOUT_RETURN_TYPE = YES_ERROR;
				GCC_WARN_UNDECLARED_SELECTOR = YES;
				GCC_WARN_UNINITIALIZED_AUTOS = YES_AGGRESSIVE;
				GCC_WARN_UNUSED_FUNCTION = YES;
				GCC_WARN_UNUSED_VARIABLE = YES;
				IPHONEOS_DEPLOYMENT_TARGET = 16.0;
				LOCALIZATION_PREFERS_STRING_CATALOGS = YES;
				MTL_ENABLE_DEBUG_INFO = NO;
				MTL_FAST_MATH = YES;
				SDKROOT = iphoneos;
				SWIFT_COMPILATION_MODE = wholemodule;
				VALIDATE_PRODUCT = YES;
			};
			name = Release;
		};
		789EEA682BB8748800B99871 /* Debug */ = {
			isa = XCBuildConfiguration;
			buildSettings = {
				CLANG_ENABLE_MODULES = YES;
				CODE_SIGN_STYLE = Automatic;
				DEVELOPMENT_TEAM = 3ZYNC2J93W;
				OTHER_LDFLAGS = "-ObjC";
				PRODUCT_NAME = "$(TARGET_NAME)";
				SKIP_INSTALL = YES;
				SWIFT_OBJC_BRIDGING_HEADER = "AllecordsNetwork/AllecordsNetwork-Bridging-Header.h";
				SWIFT_OPTIMIZATION_LEVEL = "-Onone";
				SWIFT_VERSION = 5.0;
				TARGETED_DEVICE_FAMILY = "1,2";
			};
			name = Debug;
		};
		789EEA692BB8748800B99871 /* Release */ = {
			isa = XCBuildConfiguration;
			buildSettings = {
				CLANG_ENABLE_MODULES = YES;
				CODE_SIGN_STYLE = Automatic;
				DEVELOPMENT_TEAM = 3ZYNC2J93W;
				OTHER_LDFLAGS = "-ObjC";
				PRODUCT_NAME = "$(TARGET_NAME)";
				SKIP_INSTALL = YES;
				SWIFT_OBJC_BRIDGING_HEADER = "AllecordsNetwork/AllecordsNetwork-Bridging-Header.h";
				SWIFT_VERSION = 5.0;
				TARGETED_DEVICE_FAMILY = "1,2";
			};
			name = Release;
		};
		789EEA832BB8763200B99871 /* Debug */ = {
			isa = XCBuildConfiguration;
			buildSettings = {
				CODE_SIGN_STYLE = Automatic;
				CURRENT_PROJECT_VERSION = 1;
				DEVELOPMENT_TEAM = 3ZYNC2J93W;
				GENERATE_INFOPLIST_FILE = YES;
				MARKETING_VERSION = 1.0;
				PRODUCT_BUNDLE_IDENTIFIER = Allecords.AllecordsNetworkTests;
				PRODUCT_NAME = "$(TARGET_NAME)";
				SWIFT_EMIT_LOC_STRINGS = NO;
				SWIFT_VERSION = 5.0;
				TARGETED_DEVICE_FAMILY = "1,2";
			};
			name = Debug;
		};
		789EEA842BB8763200B99871 /* Release */ = {
			isa = XCBuildConfiguration;
			buildSettings = {
				CODE_SIGN_STYLE = Automatic;
				CURRENT_PROJECT_VERSION = 1;
				DEVELOPMENT_TEAM = 3ZYNC2J93W;
				GENERATE_INFOPLIST_FILE = YES;
				MARKETING_VERSION = 1.0;
				PRODUCT_BUNDLE_IDENTIFIER = Allecords.AllecordsNetworkTests;
				PRODUCT_NAME = "$(TARGET_NAME)";
				SWIFT_EMIT_LOC_STRINGS = NO;
				SWIFT_VERSION = 5.0;
				TARGETED_DEVICE_FAMILY = "1,2";
			};
			name = Release;
		};
/* End XCBuildConfiguration section */

/* Begin XCConfigurationList section */
		789EEA5B2BB8748800B99871 /* Build configuration list for PBXProject "AllecordsNetwork" */ = {
			isa = XCConfigurationList;
			buildConfigurations = (
				789EEA652BB8748800B99871 /* Debug */,
				789EEA662BB8748800B99871 /* Release */,
			);
			defaultConfigurationIsVisible = 0;
			defaultConfigurationName = Release;
		};
		789EEA672BB8748800B99871 /* Build configuration list for PBXNativeTarget "AllecordsNetwork" */ = {
			isa = XCConfigurationList;
			buildConfigurations = (
				789EEA682BB8748800B99871 /* Debug */,
				789EEA692BB8748800B99871 /* Release */,
			);
			defaultConfigurationIsVisible = 0;
			defaultConfigurationName = Release;
		};
		789EEA822BB8763200B99871 /* Build configuration list for PBXNativeTarget "AllecordsNetworkTests" */ = {
			isa = XCConfigurationList;
			buildConfigurations = (
				789EEA832BB8763200B99871 /* Debug */,
				789EEA842BB8763200B99871 /* Release */,
			);
			defaultConfigurationIsVisible = 0;
			defaultConfigurationName = Release;
		};
/* End XCConfigurationList section */
	};
	rootObject = 789EEA582BB8748800B99871 /* Project object */;
}
